{
  "version": 4,
  "terraform_version": "1.3.9",
  "serial": 314,
  "lineage": "9501da51-532f-84a4-6fb1-2b8589303659",
  "outputs": {
    "external_ip_address_node01": {
      "value": "158.160.52.175",
      "type": "string"
    },
    "external_ip_address_node02": {
      "value": "51.250.107.245",
      "type": "string"
    },
    "external_ip_address_node03": {
      "value": "84.201.148.198",
      "type": "string"
    },
    "external_ip_address_node04": {
      "value": "158.160.46.107",
      "type": "string"
    },
    "external_ip_address_node05": {
      "value": "84.201.139.102",
      "type": "string"
    },
    "external_ip_address_node06": {
      "value": "84.201.149.0",
      "type": "string"
    },
    "internal_ip_address_node01": {
      "value": "10.0.1.33",
      "type": "string"
    },
    "internal_ip_address_node02": {
      "value": "10.0.2.34",
      "type": "string"
    },
    "internal_ip_address_node03": {
      "value": "10.0.3.33",
      "type": "string"
    },
    "internal_ip_address_node04": {
      "value": "10.0.1.4",
      "type": "string"
    },
    "internal_ip_address_node05": {
      "value": "10.0.2.10",
      "type": "string"
    },
    "internal_ip_address_node06": {
      "value": "10.0.3.3",
      "type": "string"
    }
  },
  "resources": [
    {
      "mode": "managed",
      "type": "local_file",
      "name": "inventory",
      "provider": "provider[\"registry.terraform.io/hashicorp/local\"]",
      "instances": [
        {
          "schema_version": 0,
          "attributes": {
            "content": "# Ansible inventory containing variable values from Terraform.\n# Generated by Terraform.\n\n[nodes:children]\nmanagers\nworkers\n\n[managers:children]\nactive\nstandby\n\n[active]\nnode01.netology.yc ansible_host=158.160.52.175\n\n[standby]\nnode02.netology.yc ansible_host=51.250.107.245\nnode03.netology.yc ansible_host=84.201.148.198\n\n[workers]\nnode04.netology.yc ansible_host=158.160.46.107\nnode05.netology.yc ansible_host=84.201.139.102\nnode06.netology.yc ansible_host=84.201.149.0\n",
            "content_base64": null,
            "content_base64sha256": "kzdxt+T25prGCCeS8VYd/3eWJW2mJbCNgb+wD5BNrnw=",
            "content_base64sha512": "m1d/sHmggWFdfKsWmKzgkf/fwm0/jSYi2L5xUmzgvVtiGNOT7xgEfCVrkfmaB/8iK/N/dUxYg+NVTvUuQ2yd+Q==",
            "content_md5": "1f639c2cc871a7930163aad8b5860d0f",
            "content_sha1": "d14d32c1690e193029db9aee1d2415b6819521d6",
            "content_sha256": "933771b7e4f6e69ac6082792f1561dff7796256da625b08d81bfb00f904dae7c",
            "content_sha512": "9b577fb079a081615d7cab1698ace091ffdfc26d3f8d2622d8be71526ce0bd5b6218d393ef18047c256b91f99a07ff222bf37f754c5883e3554ef52e436c9df9",
            "directory_permission": "0777",
            "file_permission": "0777",
            "filename": "../ansible/inventory",
            "id": "d14d32c1690e193029db9aee1d2415b6819521d6",
            "sensitive_content": null,
            "source": null
          },
          "sensitive_attributes": [],
          "dependencies": [
            "yandex_compute_instance.node01",
            "yandex_compute_instance.node02",
            "yandex_compute_instance.node03",
            "yandex_compute_instance.node04",
            "yandex_compute_instance.node05",
            "yandex_compute_instance.node06",
            "yandex_vpc_subnet.my_subnet_c"
          ]
        }
      ]
    },
    {
      "mode": "managed",
      "type": "null_resource",
      "name": "cluster",
      "provider": "provider[\"registry.terraform.io/hashicorp/null\"]",
      "instances": [
        {
          "status": "tainted",
          "schema_version": 0,
          "attributes": {
            "id": "3757228967586321683",
            "triggers": null
          },
          "sensitive_attributes": []
        }
      ]
    },
    {
      "mode": "managed",
      "type": "null_resource",
      "name": "wait",
      "provider": "provider[\"registry.terraform.io/hashicorp/null\"]",
      "instances": [
        {
          "schema_version": 0,
          "attributes": {
            "id": "6416415230980816328",
            "triggers": null
          },
          "sensitive_attributes": [],
          "dependencies": [
            "local_file.inventory",
            "yandex_compute_instance.node01",
            "yandex_compute_instance.node02",
            "yandex_compute_instance.node03",
            "yandex_compute_instance.node04",
            "yandex_compute_instance.node05",
            "yandex_compute_instance.node06",
            "yandex_vpc_network.my_network",
            "yandex_vpc_subnet.my_subnet_a",
            "yandex_vpc_subnet.my_subnet_b",
            "yandex_vpc_subnet.my_subnet_c"
          ]
        }
      ]
    },
    {
      "mode": "managed",
      "type": "yandex_compute_instance",
      "name": "node01",
      "provider": "provider[\"terraform-registry.storage.yandexcloud.net/yandex-cloud/yandex\"]",
      "instances": [
        {
          "schema_version": 1,
          "attributes": {
            "allow_stopping_for_update": true,
            "boot_disk": [
              {
                "auto_delete": true,
                "device_name": "fhmc53e338k1du999m5p",
                "disk_id": "fhmc53e338k1du999m5p",
                "initialize_params": [
                  {
                    "block_size": 4096,
                    "description": "",
                    "image_id": "fd8emvfmfoaordspe1jr",
                    "name": "node01",
                    "size": 10,
                    "snapshot_id": "",
                    "type": "network-hdd"
                  }
                ],
                "mode": "READ_WRITE"
              }
            ],
            "created_at": "2023-03-10T17:30:40Z",
            "description": "",
            "folder_id": "b1gmf5u5ph00n7lddsgb",
            "fqdn": "node01.ru-central1.internal",
            "hostname": "node01",
            "id": "fhmlrtom212n69an9m31",
            "labels": {},
            "metadata": {
              "ssh-keys": "ubuntu:ssh-rsa AAAAB3NzaC1yc2EAAAADAQABAAABgQDbSmF+9PSTaBpK4OKOc9s2mhHVGQollgSXVDdblmsx8t6r4LGOkE35Lb/Mh0/x7IDrlXmg33Tey3PLReAf1YN5psPbkBXPZKzpcpSg6991xszEa2CoLrnkDJovefZOjRhgELj7U2PWgrFBS73eRAdxSXyFgVM6OKVOv9bdPpTs49ZPHAxiraVl5g2/3QYS9Gt3/8TetbL8HJQwK9YtXZsSyUlut05vqB3J9F4lQFOVn/nK/ei1VHAwBmX3SWsuRf12mjPlV/hGUivMMO0pTHqnL18zhK2qsBifDFlPmyRTpZHD7Egeg7MadINB3PWpIwrlalBPblFeK7L13UuJGMhDndM4b3jZINPVAeE4w+cTOlTZw8AveCX2FcD56f6zJbRctTPTOwDgVEJtaeNPuM4vMneLWAic2yNGkBv//KK0qqH4JsOjYfZ1BKZSVdRJ6PuXyxMDUUSiaJeN0YtmAshxqyIcEMUVWPVr+CJClSKA79Baad/rcZU0AjYvkuS05vs= rod@archlinux\n"
            },
            "name": "node01",
            "network_acceleration_type": "standard",
            "network_interface": [
              {
                "dns_record": [],
                "index": 0,
                "ip_address": "10.0.1.33",
                "ipv4": true,
                "ipv6": false,
                "ipv6_address": "",
                "ipv6_dns_record": [],
                "mac_address": "d0:0d:15:df:71:61",
                "nat": true,
                "nat_dns_record": [],
                "nat_ip_address": "158.160.52.175",
                "nat_ip_version": "IPV4",
                "security_group_ids": [],
                "subnet_id": "e9bab74isdofmpm6l4f0"
              }
            ],
            "placement_policy": [
              {
                "placement_group_id": ""
              }
            ],
            "platform_id": "standard-v1",
            "resources": [
              {
                "core_fraction": 100,
                "cores": 2,
                "gpus": 0,
                "memory": 4
              }
            ],
            "scheduling_policy": [
              {
                "preemptible": false
              }
            ],
            "secondary_disk": [],
            "service_account_id": "",
            "status": "running",
            "timeouts": null,
            "zone": "ru-central1-a"
          },
          "sensitive_attributes": [],
          "private": "eyJlMmJmYjczMC1lY2FhLTExZTYtOGY4OC0zNDM2M2JjN2M0YzAiOnsiY3JlYXRlIjozMDAwMDAwMDAwMDAsImRlbGV0ZSI6MzAwMDAwMDAwMDAwLCJ1cGRhdGUiOjMwMDAwMDAwMDAwMH0sInNjaGVtYV92ZXJzaW9uIjoiMSJ9",
          "dependencies": [
            "yandex_vpc_network.my_network",
            "yandex_vpc_subnet.my_subnet_a"
          ]
        }
      ]
    },
    {
      "mode": "managed",
      "type": "yandex_compute_instance",
      "name": "node02",
      "provider": "provider[\"terraform-registry.storage.yandexcloud.net/yandex-cloud/yandex\"]",
      "instances": [
        {
          "schema_version": 1,
          "attributes": {
            "allow_stopping_for_update": true,
            "boot_disk": [
              {
                "auto_delete": true,
                "device_name": "epdt9t7c7eqva60ur19s",
                "disk_id": "epdt9t7c7eqva60ur19s",
                "initialize_params": [
                  {
                    "block_size": 4096,
                    "description": "",
                    "image_id": "fd8emvfmfoaordspe1jr",
                    "name": "node02",
                    "size": 10,
                    "snapshot_id": "",
                    "type": "network-hdd"
                  }
                ],
                "mode": "READ_WRITE"
              }
            ],
            "created_at": "2023-03-10T17:30:42Z",
            "description": "",
            "folder_id": "b1gmf5u5ph00n7lddsgb",
            "fqdn": "node02.ru-central1.internal",
            "hostname": "node02",
            "id": "epdrs7efs7eb6qpkfoth",
            "labels": {},
            "metadata": {
              "ssh-keys": "ubuntu:ssh-rsa AAAAB3NzaC1yc2EAAAADAQABAAABgQDbSmF+9PSTaBpK4OKOc9s2mhHVGQollgSXVDdblmsx8t6r4LGOkE35Lb/Mh0/x7IDrlXmg33Tey3PLReAf1YN5psPbkBXPZKzpcpSg6991xszEa2CoLrnkDJovefZOjRhgELj7U2PWgrFBS73eRAdxSXyFgVM6OKVOv9bdPpTs49ZPHAxiraVl5g2/3QYS9Gt3/8TetbL8HJQwK9YtXZsSyUlut05vqB3J9F4lQFOVn/nK/ei1VHAwBmX3SWsuRf12mjPlV/hGUivMMO0pTHqnL18zhK2qsBifDFlPmyRTpZHD7Egeg7MadINB3PWpIwrlalBPblFeK7L13UuJGMhDndM4b3jZINPVAeE4w+cTOlTZw8AveCX2FcD56f6zJbRctTPTOwDgVEJtaeNPuM4vMneLWAic2yNGkBv//KK0qqH4JsOjYfZ1BKZSVdRJ6PuXyxMDUUSiaJeN0YtmAshxqyIcEMUVWPVr+CJClSKA79Baad/rcZU0AjYvkuS05vs= rod@archlinux\n"
            },
            "name": "node02",
            "network_acceleration_type": "standard",
            "network_interface": [
              {
                "dns_record": [],
                "index": 0,
                "ip_address": "10.0.2.34",
                "ipv4": true,
                "ipv6": false,
                "ipv6_address": "",
                "ipv6_dns_record": [],
                "mac_address": "d0:0d:1b:e1:dc:fe",
                "nat": true,
                "nat_dns_record": [],
                "nat_ip_address": "51.250.107.245",
                "nat_ip_version": "IPV4",
                "security_group_ids": [],
                "subnet_id": "e2l12q95ugdrk1meablp"
              }
            ],
            "placement_policy": [
              {
                "placement_group_id": ""
              }
            ],
            "platform_id": "standard-v1",
            "resources": [
              {
                "core_fraction": 100,
                "cores": 2,
                "gpus": 0,
                "memory": 4
              }
            ],
            "scheduling_policy": [
              {
                "preemptible": false
              }
            ],
            "secondary_disk": [],
            "service_account_id": "",
            "status": "running",
            "timeouts": null,
            "zone": "ru-central1-b"
          },
          "sensitive_attributes": [],
          "private": "eyJlMmJmYjczMC1lY2FhLTExZTYtOGY4OC0zNDM2M2JjN2M0YzAiOnsiY3JlYXRlIjozMDAwMDAwMDAwMDAsImRlbGV0ZSI6MzAwMDAwMDAwMDAwLCJ1cGRhdGUiOjMwMDAwMDAwMDAwMH0sInNjaGVtYV92ZXJzaW9uIjoiMSJ9",
          "dependencies": [
            "yandex_vpc_network.my_network",
            "yandex_vpc_subnet.my_subnet_b"
          ]
        }
      ]
    },
    {
      "mode": "managed",
      "type": "yandex_compute_instance",
      "name": "node03",
      "provider": "provider[\"terraform-registry.storage.yandexcloud.net/yandex-cloud/yandex\"]",
      "instances": [
        {
          "schema_version": 1,
          "attributes": {
            "allow_stopping_for_update": true,
            "boot_disk": [
              {
                "auto_delete": true,
                "device_name": "ef3hi5er515ulu5m3uk6",
                "disk_id": "ef3hi5er515ulu5m3uk6",
                "initialize_params": [
                  {
                    "block_size": 4096,
                    "description": "",
                    "image_id": "fd8emvfmfoaordspe1jr",
                    "name": "node03",
                    "size": 10,
                    "snapshot_id": "",
                    "type": "network-hdd"
                  }
                ],
                "mode": "READ_WRITE"
              }
            ],
            "created_at": "2023-03-10T17:34:27Z",
            "description": "",
            "folder_id": "b1gmf5u5ph00n7lddsgb",
            "fqdn": "node03.netology.yc",
            "hostname": "node03",
            "id": "ef3v5iqrbe8kpshe9s80",
            "labels": null,
            "metadata": {
              "ssh-keys": "ubuntu:ssh-rsa AAAAB3NzaC1yc2EAAAADAQABAAABgQDbSmF+9PSTaBpK4OKOc9s2mhHVGQollgSXVDdblmsx8t6r4LGOkE35Lb/Mh0/x7IDrlXmg33Tey3PLReAf1YN5psPbkBXPZKzpcpSg6991xszEa2CoLrnkDJovefZOjRhgELj7U2PWgrFBS73eRAdxSXyFgVM6OKVOv9bdPpTs49ZPHAxiraVl5g2/3QYS9Gt3/8TetbL8HJQwK9YtXZsSyUlut05vqB3J9F4lQFOVn/nK/ei1VHAwBmX3SWsuRf12mjPlV/hGUivMMO0pTHqnL18zhK2qsBifDFlPmyRTpZHD7Egeg7MadINB3PWpIwrlalBPblFeK7L13UuJGMhDndM4b3jZINPVAeE4w+cTOlTZw8AveCX2FcD56f6zJbRctTPTOwDgVEJtaeNPuM4vMneLWAic2yNGkBv//KK0qqH4JsOjYfZ1BKZSVdRJ6PuXyxMDUUSiaJeN0YtmAshxqyIcEMUVWPVr+CJClSKA79Baad/rcZU0AjYvkuS05vs= rod@archlinux\n"
            },
            "name": "node03",
            "network_acceleration_type": "standard",
            "network_interface": [
              {
                "dns_record": [],
                "index": 0,
                "ip_address": "10.0.3.33",
                "ipv4": true,
                "ipv6": false,
                "ipv6_address": "",
                "ipv6_dns_record": [],
                "mac_address": "d0:0d:1f:2c:b5:b5",
                "nat": true,
                "nat_dns_record": [],
                "nat_ip_address": "84.201.148.198",
                "nat_ip_version": "IPV4",
                "security_group_ids": [],
                "subnet_id": "b0cq7f9iql060kf1kumu"
              }
            ],
            "placement_policy": [
              {
                "placement_group_id": ""
              }
            ],
            "platform_id": "standard-v1",
            "resources": [
              {
                "core_fraction": 100,
                "cores": 2,
                "gpus": 0,
                "memory": 4
              }
            ],
            "scheduling_policy": [
              {
                "preemptible": false
              }
            ],
            "secondary_disk": [],
            "service_account_id": "",
            "status": "running",
            "timeouts": null,
            "zone": "ru-central1-c"
          },
          "sensitive_attributes": [],
          "private": "eyJlMmJmYjczMC1lY2FhLTExZTYtOGY4OC0zNDM2M2JjN2M0YzAiOnsiY3JlYXRlIjozMDAwMDAwMDAwMDAsImRlbGV0ZSI6MzAwMDAwMDAwMDAwLCJ1cGRhdGUiOjMwMDAwMDAwMDAwMH0sInNjaGVtYV92ZXJzaW9uIjoiMSJ9",
          "dependencies": [
            "yandex_vpc_subnet.my_subnet_c"
          ]
        }
      ]
    },
    {
      "mode": "managed",
      "type": "yandex_compute_instance",
      "name": "node04",
      "provider": "provider[\"terraform-registry.storage.yandexcloud.net/yandex-cloud/yandex\"]",
      "instances": [
        {
          "schema_version": 1,
          "attributes": {
            "allow_stopping_for_update": true,
            "boot_disk": [
              {
                "auto_delete": true,
                "device_name": "fhm72p2a8imqjf5nknvu",
                "disk_id": "fhm72p2a8imqjf5nknvu",
                "initialize_params": [
                  {
                    "block_size": 4096,
                    "description": "",
                    "image_id": "fd8emvfmfoaordspe1jr",
                    "name": "node04",
                    "size": 15,
                    "snapshot_id": "",
                    "type": "network-hdd"
                  }
                ],
                "mode": "READ_WRITE"
              }
            ],
            "created_at": "2023-03-10T17:30:40Z",
            "description": "",
            "folder_id": "b1gmf5u5ph00n7lddsgb",
            "fqdn": "node04.ru-central1.internal",
            "hostname": "node04",
            "id": "fhm9nimcocdtvga8tsvt",
            "labels": {},
            "metadata": {
              "ssh-keys": "ubuntu:ssh-rsa AAAAB3NzaC1yc2EAAAADAQABAAABgQDbSmF+9PSTaBpK4OKOc9s2mhHVGQollgSXVDdblmsx8t6r4LGOkE35Lb/Mh0/x7IDrlXmg33Tey3PLReAf1YN5psPbkBXPZKzpcpSg6991xszEa2CoLrnkDJovefZOjRhgELj7U2PWgrFBS73eRAdxSXyFgVM6OKVOv9bdPpTs49ZPHAxiraVl5g2/3QYS9Gt3/8TetbL8HJQwK9YtXZsSyUlut05vqB3J9F4lQFOVn/nK/ei1VHAwBmX3SWsuRf12mjPlV/hGUivMMO0pTHqnL18zhK2qsBifDFlPmyRTpZHD7Egeg7MadINB3PWpIwrlalBPblFeK7L13UuJGMhDndM4b3jZINPVAeE4w+cTOlTZw8AveCX2FcD56f6zJbRctTPTOwDgVEJtaeNPuM4vMneLWAic2yNGkBv//KK0qqH4JsOjYfZ1BKZSVdRJ6PuXyxMDUUSiaJeN0YtmAshxqyIcEMUVWPVr+CJClSKA79Baad/rcZU0AjYvkuS05vs= rod@archlinux\n"
            },
            "name": "node04",
            "network_acceleration_type": "standard",
            "network_interface": [
              {
                "dns_record": [],
                "index": 0,
                "ip_address": "10.0.1.4",
                "ipv4": true,
                "ipv6": false,
                "ipv6_address": "",
                "ipv6_dns_record": [],
                "mac_address": "d0:0d:9b:ca:cc:c3",
                "nat": true,
                "nat_dns_record": [],
                "nat_ip_address": "158.160.46.107",
                "nat_ip_version": "IPV4",
                "security_group_ids": [],
                "subnet_id": "e9bab74isdofmpm6l4f0"
              }
            ],
            "placement_policy": [
              {
                "placement_group_id": ""
              }
            ],
            "platform_id": "standard-v1",
            "resources": [
              {
                "core_fraction": 100,
                "cores": 2,
                "gpus": 0,
                "memory": 4
              }
            ],
            "scheduling_policy": [
              {
                "preemptible": false
              }
            ],
            "secondary_disk": [],
            "service_account_id": "",
            "status": "running",
            "timeouts": null,
            "zone": "ru-central1-a"
          },
          "sensitive_attributes": [],
          "private": "eyJlMmJmYjczMC1lY2FhLTExZTYtOGY4OC0zNDM2M2JjN2M0YzAiOnsiY3JlYXRlIjozMDAwMDAwMDAwMDAsImRlbGV0ZSI6MzAwMDAwMDAwMDAwLCJ1cGRhdGUiOjMwMDAwMDAwMDAwMH0sInNjaGVtYV92ZXJzaW9uIjoiMSJ9",
          "dependencies": [
            "yandex_vpc_network.my_network",
            "yandex_vpc_subnet.my_subnet_a"
          ]
        }
      ]
    },
    {
      "mode": "managed",
      "type": "yandex_compute_instance",
      "name": "node05",
      "provider": "provider[\"terraform-registry.storage.yandexcloud.net/yandex-cloud/yandex\"]",
      "instances": [
        {
          "schema_version": 1,
          "attributes": {
            "allow_stopping_for_update": true,
            "boot_disk": [
              {
                "auto_delete": true,
                "device_name": "epdrgjokchqdebsadmia",
                "disk_id": "epdrgjokchqdebsadmia",
                "initialize_params": [
                  {
                    "block_size": 4096,
                    "description": "",
                    "image_id": "fd8emvfmfoaordspe1jr",
                    "name": "node05",
                    "size": 15,
                    "snapshot_id": "",
                    "type": "network-hdd"
                  }
                ],
                "mode": "READ_WRITE"
              }
            ],
            "created_at": "2023-03-10T17:30:42Z",
            "description": "",
            "folder_id": "b1gmf5u5ph00n7lddsgb",
            "fqdn": "node05.ru-central1.internal",
            "hostname": "node05",
            "id": "epdd9t7rlqj73dukibkn",
            "labels": {},
            "metadata": {
              "ssh-keys": "ubuntu:ssh-rsa AAAAB3NzaC1yc2EAAAADAQABAAABgQDbSmF+9PSTaBpK4OKOc9s2mhHVGQollgSXVDdblmsx8t6r4LGOkE35Lb/Mh0/x7IDrlXmg33Tey3PLReAf1YN5psPbkBXPZKzpcpSg6991xszEa2CoLrnkDJovefZOjRhgELj7U2PWgrFBS73eRAdxSXyFgVM6OKVOv9bdPpTs49ZPHAxiraVl5g2/3QYS9Gt3/8TetbL8HJQwK9YtXZsSyUlut05vqB3J9F4lQFOVn/nK/ei1VHAwBmX3SWsuRf12mjPlV/hGUivMMO0pTHqnL18zhK2qsBifDFlPmyRTpZHD7Egeg7MadINB3PWpIwrlalBPblFeK7L13UuJGMhDndM4b3jZINPVAeE4w+cTOlTZw8AveCX2FcD56f6zJbRctTPTOwDgVEJtaeNPuM4vMneLWAic2yNGkBv//KK0qqH4JsOjYfZ1BKZSVdRJ6PuXyxMDUUSiaJeN0YtmAshxqyIcEMUVWPVr+CJClSKA79Baad/rcZU0AjYvkuS05vs= rod@archlinux\n"
            },
            "name": "node05",
            "network_acceleration_type": "standard",
            "network_interface": [
              {
                "dns_record": [],
                "index": 0,
                "ip_address": "10.0.2.10",
                "ipv4": true,
                "ipv6": false,
                "ipv6_address": "",
                "ipv6_dns_record": [],
                "mac_address": "d0:0d:d4:f4:fb:ae",
                "nat": true,
                "nat_dns_record": [],
                "nat_ip_address": "84.201.139.102",
                "nat_ip_version": "IPV4",
                "security_group_ids": [],
                "subnet_id": "e2l12q95ugdrk1meablp"
              }
            ],
            "placement_policy": [
              {
                "placement_group_id": ""
              }
            ],
            "platform_id": "standard-v1",
            "resources": [
              {
                "core_fraction": 100,
                "cores": 2,
                "gpus": 0,
                "memory": 4
              }
            ],
            "scheduling_policy": [
              {
                "preemptible": false
              }
            ],
            "secondary_disk": [],
            "service_account_id": "",
            "status": "running",
            "timeouts": null,
            "zone": "ru-central1-b"
          },
          "sensitive_attributes": [],
          "private": "eyJlMmJmYjczMC1lY2FhLTExZTYtOGY4OC0zNDM2M2JjN2M0YzAiOnsiY3JlYXRlIjozMDAwMDAwMDAwMDAsImRlbGV0ZSI6MzAwMDAwMDAwMDAwLCJ1cGRhdGUiOjMwMDAwMDAwMDAwMH0sInNjaGVtYV92ZXJzaW9uIjoiMSJ9",
          "dependencies": [
            "yandex_vpc_network.my_network",
            "yandex_vpc_subnet.my_subnet_b"
          ]
        }
      ]
    },
    {
      "mode": "managed",
      "type": "yandex_compute_instance",
      "name": "node06",
      "provider": "provider[\"terraform-registry.storage.yandexcloud.net/yandex-cloud/yandex\"]",
      "instances": [
        {
          "schema_version": 1,
          "attributes": {
            "allow_stopping_for_update": true,
            "boot_disk": [
              {
                "auto_delete": true,
                "device_name": "ef3lf8f8e7bl49k22pra",
                "disk_id": "ef3lf8f8e7bl49k22pra",
                "initialize_params": [
                  {
                    "block_size": 4096,
                    "description": "",
                    "image_id": "fd8emvfmfoaordspe1jr",
                    "name": "node06",
                    "size": 15,
                    "snapshot_id": "",
                    "type": "network-hdd"
                  }
                ],
                "mode": "READ_WRITE"
              }
            ],
            "created_at": "2023-03-10T17:30:43Z",
            "description": "",
            "folder_id": "b1gmf5u5ph00n7lddsgb",
            "fqdn": "node06.ru-central1.internal",
            "hostname": "node06",
            "id": "ef3npplg1cpe1lb1n2hr",
            "labels": {},
            "metadata": {
              "ssh-keys": "ubuntu:ssh-rsa AAAAB3NzaC1yc2EAAAADAQABAAABgQDbSmF+9PSTaBpK4OKOc9s2mhHVGQollgSXVDdblmsx8t6r4LGOkE35Lb/Mh0/x7IDrlXmg33Tey3PLReAf1YN5psPbkBXPZKzpcpSg6991xszEa2CoLrnkDJovefZOjRhgELj7U2PWgrFBS73eRAdxSXyFgVM6OKVOv9bdPpTs49ZPHAxiraVl5g2/3QYS9Gt3/8TetbL8HJQwK9YtXZsSyUlut05vqB3J9F4lQFOVn/nK/ei1VHAwBmX3SWsuRf12mjPlV/hGUivMMO0pTHqnL18zhK2qsBifDFlPmyRTpZHD7Egeg7MadINB3PWpIwrlalBPblFeK7L13UuJGMhDndM4b3jZINPVAeE4w+cTOlTZw8AveCX2FcD56f6zJbRctTPTOwDgVEJtaeNPuM4vMneLWAic2yNGkBv//KK0qqH4JsOjYfZ1BKZSVdRJ6PuXyxMDUUSiaJeN0YtmAshxqyIcEMUVWPVr+CJClSKA79Baad/rcZU0AjYvkuS05vs= rod@archlinux\n"
            },
            "name": "node06",
            "network_acceleration_type": "standard",
            "network_interface": [
              {
                "dns_record": [],
                "index": 0,
                "ip_address": "10.0.3.3",
                "ipv4": true,
                "ipv6": false,
                "ipv6_address": "",
                "ipv6_dns_record": [],
                "mac_address": "d0:0d:17:ce:6b:00",
                "nat": true,
                "nat_dns_record": [],
                "nat_ip_address": "84.201.149.0",
                "nat_ip_version": "IPV4",
                "security_group_ids": [],
                "subnet_id": "b0cq7f9iql060kf1kumu"
              }
            ],
            "placement_policy": [
              {
                "placement_group_id": ""
              }
            ],
            "platform_id": "standard-v1",
            "resources": [
              {
                "core_fraction": 100,
                "cores": 2,
                "gpus": 0,
                "memory": 4
              }
            ],
            "scheduling_policy": [
              {
                "preemptible": false
              }
            ],
            "secondary_disk": [],
            "service_account_id": "",
            "status": "running",
            "timeouts": null,
            "zone": "ru-central1-c"
          },
          "sensitive_attributes": [],
          "private": "eyJlMmJmYjczMC1lY2FhLTExZTYtOGY4OC0zNDM2M2JjN2M0YzAiOnsiY3JlYXRlIjozMDAwMDAwMDAwMDAsImRlbGV0ZSI6MzAwMDAwMDAwMDAwLCJ1cGRhdGUiOjMwMDAwMDAwMDAwMH0sInNjaGVtYV92ZXJzaW9uIjoiMSJ9",
          "dependencies": [
            "yandex_vpc_network.my_network",
            "yandex_vpc_subnet.my_subnet_c"
          ]
        }
      ]
    },
    {
      "mode": "managed",
      "type": "yandex_vpc_network",
      "name": "my_network",
      "provider": "provider[\"terraform-registry.storage.yandexcloud.net/yandex-cloud/yandex\"]",
      "instances": [
        {
          "schema_version": 0,
          "attributes": {
            "created_at": "2023-03-10T17:28:28Z",
            "default_security_group_id": "",
            "description": "",
            "folder_id": "b1gmf5u5ph00n7lddsgb",
            "id": "enpdjd1hs8rbfgqtjf36",
            "labels": {},
            "name": "my_network",
            "subnet_ids": [
              "b0cq7f9iql060kf1kumu",
              "e2l12q95ugdrk1meablp",
              "e9bab74isdofmpm6l4f0"
            ],
            "timeouts": null
          },
          "sensitive_attributes": [],
          "private": "eyJlMmJmYjczMC1lY2FhLTExZTYtOGY4OC0zNDM2M2JjN2M0YzAiOnsiY3JlYXRlIjo2MDAwMDAwMDAwMCwiZGVsZXRlIjo2MDAwMDAwMDAwMCwidXBkYXRlIjo2MDAwMDAwMDAwMH19"
        }
      ]
    },
    {
      "mode": "managed",
      "type": "yandex_vpc_subnet",
      "name": "my_subnet_a",
      "provider": "provider[\"terraform-registry.storage.yandexcloud.net/yandex-cloud/yandex\"]",
      "instances": [
        {
          "schema_version": 0,
          "attributes": {
            "created_at": "2023-03-10T17:28:29Z",
            "description": "",
            "dhcp_options": [],
            "folder_id": "b1gmf5u5ph00n7lddsgb",
            "id": "e9bab74isdofmpm6l4f0",
            "labels": {},
            "name": "",
            "network_id": "enpdjd1hs8rbfgqtjf36",
            "route_table_id": "",
            "timeouts": null,
            "v4_cidr_blocks": [
              "10.0.1.0/24"
            ],
            "v6_cidr_blocks": [],
            "zone": "ru-central1-a"
          },
          "sensitive_attributes": [],
          "private": "eyJlMmJmYjczMC1lY2FhLTExZTYtOGY4OC0zNDM2M2JjN2M0YzAiOnsiY3JlYXRlIjoxODAwMDAwMDAwMDAsImRlbGV0ZSI6MTgwMDAwMDAwMDAwLCJ1cGRhdGUiOjE4MDAwMDAwMDAwMH19",
          "dependencies": [
            "yandex_vpc_network.my_network"
          ]
        }
      ]
    },
    {
      "mode": "managed",
      "type": "yandex_vpc_subnet",
      "name": "my_subnet_b",
      "provider": "provider[\"terraform-registry.storage.yandexcloud.net/yandex-cloud/yandex\"]",
      "instances": [
        {
          "schema_version": 0,
          "attributes": {
            "created_at": "2023-03-10T17:30:40Z",
            "description": "",
            "dhcp_options": [],
            "folder_id": "b1gmf5u5ph00n7lddsgb",
            "id": "e2l12q95ugdrk1meablp",
            "labels": {},
            "name": "",
            "network_id": "enpdjd1hs8rbfgqtjf36",
            "route_table_id": "",
            "timeouts": null,
            "v4_cidr_blocks": [
              "10.0.2.0/24"
            ],
            "v6_cidr_blocks": [],
            "zone": "ru-central1-b"
          },
          "sensitive_attributes": [],
          "private": "eyJlMmJmYjczMC1lY2FhLTExZTYtOGY4OC0zNDM2M2JjN2M0YzAiOnsiY3JlYXRlIjoxODAwMDAwMDAwMDAsImRlbGV0ZSI6MTgwMDAwMDAwMDAwLCJ1cGRhdGUiOjE4MDAwMDAwMDAwMH19",
          "dependencies": [
            "yandex_vpc_network.my_network"
          ]
        }
      ]
    },
    {
      "mode": "managed",
      "type": "yandex_vpc_subnet",
      "name": "my_subnet_c",
      "provider": "provider[\"terraform-registry.storage.yandexcloud.net/yandex-cloud/yandex\"]",
      "instances": [
        {
          "schema_version": 0,
          "attributes": {
            "created_at": "2023-03-10T17:30:41Z",
            "description": "",
            "dhcp_options": [],
            "folder_id": "b1gmf5u5ph00n7lddsgb",
            "id": "b0cq7f9iql060kf1kumu",
            "labels": {},
            "name": "",
            "network_id": "enpdjd1hs8rbfgqtjf36",
            "route_table_id": "",
            "timeouts": null,
            "v4_cidr_blocks": [
              "10.0.3.0/24"
            ],
            "v6_cidr_blocks": [],
            "zone": "ru-central1-c"
          },
          "sensitive_attributes": [],
          "private": "eyJlMmJmYjczMC1lY2FhLTExZTYtOGY4OC0zNDM2M2JjN2M0YzAiOnsiY3JlYXRlIjoxODAwMDAwMDAwMDAsImRlbGV0ZSI6MTgwMDAwMDAwMDAwLCJ1cGRhdGUiOjE4MDAwMDAwMDAwMH19",
          "dependencies": [
            "yandex_vpc_network.my_network"
          ]
        }
      ]
    }
  ],
  "check_results": null
}
