{
  "version": 4,
  "terraform_version": "1.3.9",
  "serial": 730,
  "lineage": "9501da51-532f-84a4-6fb1-2b8589303659",
  "outputs": {
    "external_ip_address_node01": {
      "value": "158.160.43.207",
      "type": "string"
    },
    "external_ip_address_node02": {
      "value": "158.160.16.233",
      "type": "string"
    },
    "external_ip_address_node03": {
      "value": "51.250.35.165",
      "type": "string"
    },
    "external_ip_address_node04": {
      "value": "158.160.38.5",
      "type": "string"
    },
    "external_ip_address_node05": {
      "value": "62.84.123.108",
      "type": "string"
    },
    "external_ip_address_node06": {
      "value": "84.201.145.109",
      "type": "string"
    },
    "internal_ip_address_node01": {
      "value": "10.0.1.22",
      "type": "string"
    },
    "internal_ip_address_node02": {
      "value": "10.0.2.14",
      "type": "string"
    },
    "internal_ip_address_node03": {
      "value": "10.0.3.27",
      "type": "string"
    },
    "internal_ip_address_node04": {
      "value": "10.0.1.4",
      "type": "string"
    },
    "internal_ip_address_node05": {
      "value": "10.0.2.28",
      "type": "string"
    },
    "internal_ip_address_node06": {
      "value": "10.0.3.22",
      "type": "string"
    },
    "lb_ip_address": {
      "value": [
        {
          "attached_target_group": [
            {
              "healthcheck": [
                {
                  "healthy_threshold": 2,
                  "http_options": [
                    {
                      "path": "/",
                      "port": 22
                    }
                  ],
                  "interval": 2,
                  "name": "http",
                  "tcp_options": [],
                  "timeout": 1,
                  "unhealthy_threshold": 2
                }
              ],
              "target_group_id": "enpdjrujko0oiek9r4fd"
            }
          ],
          "created_at": "2023-03-18T11:42:47Z",
          "description": "",
          "folder_id": "b1gmf5u5ph00n7lddsgb",
          "id": "enph55nug2iqvqjgsefv",
          "labels": null,
          "listener": [
            {
              "external_address_spec": [
                {
                  "address": "84.201.171.3",
                  "ip_version": "ipv4"
                }
              ],
              "internal_address_spec": [],
              "name": "my-listener",
              "port": 6443,
              "protocol": "tcp",
              "target_port": 6443
            }
          ],
          "name": "my-lb",
          "region_id": "ru-central1",
          "timeouts": null,
          "type": "external"
        }
      ],
      "type": [
        "tuple",
        [
          [
            "object",
            {
              "attached_target_group": [
                "set",
                [
                  "object",
                  {
                    "healthcheck": [
                      "list",
                      [
                        "object",
                        {
                          "healthy_threshold": "number",
                          "http_options": [
                            "list",
                            [
                              "object",
                              {
                                "path": "string",
                                "port": "number"
                              }
                            ]
                          ],
                          "interval": "number",
                          "name": "string",
                          "tcp_options": [
                            "list",
                            [
                              "object",
                              {
                                "port": "number"
                              }
                            ]
                          ],
                          "timeout": "number",
                          "unhealthy_threshold": "number"
                        }
                      ]
                    ],
                    "target_group_id": "string"
                  }
                ]
              ],
              "created_at": "string",
              "description": "string",
              "folder_id": "string",
              "id": "string",
              "labels": [
                "map",
                "string"
              ],
              "listener": [
                "set",
                [
                  "object",
                  {
                    "external_address_spec": [
                      "set",
                      [
                        "object",
                        {
                          "address": "string",
                          "ip_version": "string"
                        }
                      ]
                    ],
                    "internal_address_spec": [
                      "set",
                      [
                        "object",
                        {
                          "address": "string",
                          "ip_version": "string",
                          "subnet_id": "string"
                        }
                      ]
                    ],
                    "name": "string",
                    "port": "number",
                    "protocol": "string",
                    "target_port": "number"
                  }
                ]
              ],
              "name": "string",
              "region_id": "string",
              "timeouts": [
                "object",
                {
                  "create": "string",
                  "delete": "string",
                  "update": "string"
                }
              ],
              "type": "string"
            }
          ]
        ]
      ]
    },
    "supplementary_addresses_in_ssl_keys": {
      "value": "supplementary_addresses_in_ssl_keys: [158.160.43.207, 158.160.16.233, 51.250.35.165]",
      "type": "string"
    }
  },
  "resources": [
    {
      "mode": "data",
      "type": "yandex_compute_image",
      "name": "ubuntu_image",
      "provider": "provider[\"terraform-registry.storage.yandexcloud.net/yandex-cloud/yandex\"]",
      "instances": [
        {
          "schema_version": 0,
          "attributes": {
            "created_at": "2023-01-30T10:49:08Z",
            "description": "ubuntu 22.04 lts",
            "family": "ubuntu-2204-lts",
            "folder_id": "standard-images",
            "id": "fd8emvfmfoaordspe1jr",
            "image_id": "fd8emvfmfoaordspe1jr",
            "labels": {},
            "min_disk_size": 5,
            "name": "ubuntu-22-04-lts-v20230130",
            "os_type": "linux",
            "pooled": true,
            "product_ids": [
              "f2eokm18lqng83m1koki"
            ],
            "size": 4,
            "status": "ready"
          },
          "sensitive_attributes": []
        }
      ]
    },
    {
      "mode": "managed",
      "type": "local_file",
      "name": "inventory",
      "provider": "provider[\"registry.terraform.io/hashicorp/local\"]",
      "instances": [
        {
          "schema_version": 0,
          "attributes": {
            "content": "    # Ansible inventory containing variable values from Terraform.\n    # Generated by Terraform.\nall:\n  hosts:\n    node01:\n      ansible_host: 158.160.43.207\n      ansible_user: netology\n    node02:\n      ansible_host: 158.160.16.233\n      ansible_user: netology\n    node03:\n      ansible_host: 51.250.35.165\n      ansible_user: netology\n    node04:\n      ansible_host: 158.160.38.5\n      ansible_user: netology\n    node05:\n      ansible_host: 62.84.123.108\n      ansible_user: netology\n    node06:\n      ansible_host: 84.201.145.109\n      ansible_user: netology\n  children:\n    kube_control_plane:\n      hosts:\n        node01:\n        node02:\n        node03:\n    kube_node:\n      hosts:\n        node04:\n        node05:\n        node06:\n    etcd:\n      hosts:\n        node01:\n        node02:\n        node03:\n    k8s_cluster:\n      children:\n        kube_control_plane:\n        kube_node:\n    calico_rr:\n      hosts: {}\n\n",
            "content_base64": null,
            "content_base64sha256": "NnnGG1V2mi+Tup9R4f1TkD0exput1wGgLncaaewmnDg=",
            "content_base64sha512": "OTD4dnvDY3+awW16rFlUe3sh9HtX9garBosQayS7xMKEpJNJExH+9qEW7iuOSVjql55A28QpnLepAETMFgY3Rw==",
            "content_md5": "212393540b5c63ef86f34ade601eae9f",
            "content_sha1": "b190235cb18575dad346ac25847b04457d833d97",
            "content_sha256": "3679c61b55769a2f93ba9f51e1fd53903d1ec69badd701a02e771a69ec269c38",
            "content_sha512": "3930f8767bc3637f9ac16d7aac59547b7b21f47b57f606ab068b106b24bbc4c284a493491311fef6a116ee2b8e4958ea979e40dbc4299cb7a90044cc16063747",
            "directory_permission": "0777",
            "file_permission": "0777",
            "filename": "./kubespray/inventory/mycluster/yc_k8s.yaml",
            "id": "b190235cb18575dad346ac25847b04457d833d97",
            "sensitive_content": null,
            "source": null
          },
          "sensitive_attributes": [],
          "dependencies": [
            "data.yandex_compute_image.ubuntu_image",
            "yandex_compute_instance.node01",
            "yandex_compute_instance.node02",
            "yandex_compute_instance.node03",
            "yandex_compute_instance.node04",
            "yandex_compute_instance.node05",
            "yandex_compute_instance.node06",
            "yandex_vpc_network.my_network",
            "yandex_vpc_subnet.my_subnet_a",
            "yandex_vpc_subnet.my_subnet_b",
            "yandex_vpc_subnet.my_subnet_c"
          ]
        }
      ]
    },
    {
      "mode": "managed",
      "type": "local_file",
      "name": "supplementary_addresses_in_ssl_keys",
      "provider": "provider[\"registry.terraform.io/hashicorp/local\"]",
      "instances": [
        {
          "schema_version": 0,
          "attributes": {
            "content": "    ---\nkube_config_dir: /etc/kubernetes\nkube_script_dir: \"{{ bin_dir }}/kubernetes-scripts\"\nkube_manifest_dir: \"{{ kube_config_dir }}/manifests\"\nkube_cert_dir: \"{{ kube_config_dir }}/ssl\"\nkube_token_dir: \"{{ kube_config_dir }}/tokens\"\nkube_api_anonymous_auth: true\nkube_version: v1.23.3\nlocal_release_dir: \"/tmp/releases\"\nretry_stagger: 5\nkube_cert_group: kube-cert\nkube_log_level: 2\ncredentials_dir: \"{{ inventory_dir }}/credentials\"\nkube_network_plugin: calico\nkube_network_plugin_multus: false\nkube_service_addresses: 10.233.0.0/18\nkube_pods_subnet: 10.233.64.0/18\nkube_network_node_prefix: 24\nenable_dual_stack_networks: false\nkube_service_addresses_ipv6: fd85:ee78:d8a6:8607::1000/116\nkube_pods_subnet_ipv6: fd85:ee78:d8a6:8607::1:0000/112\nkube_network_node_prefix_ipv6: 120\nkube_apiserver_ip: \"{{ kube_service_addresses|ipaddr('net')|ipaddr(1)|ipaddr('address') }}\"\nkube_apiserver_port: 6443  # (https)\nkube_apiserver_insecure_port: 0  # (disabled)\nkube_proxy_mode: ipvs\nkube_proxy_strict_arp: false\nkube_proxy_nodeport_addresses: \u003e-\n  {%- if kube_proxy_nodeport_addresses_cidr is defined -%}\n  [{{ kube_proxy_nodeport_addresses_cidr }}]\n  {%- else -%}\n  []\n  {%- endif -%}\nkube_encrypt_secret_data: false\ncluster_name: cluster.local\nndots: 2\ndns_mode: coredns\nenable_nodelocaldns: true\nenable_nodelocaldns_secondary: false\nnodelocaldns_ip: 169.254.25.10\nnodelocaldns_health_port: 9254\nnodelocaldns_second_health_port: 9256\nnodelocaldns_bind_metrics_host_ip: false\nnodelocaldns_secondary_skew_seconds: 5\nenable_coredns_k8s_external: false\ncoredns_k8s_external_zone: k8s_external.local\n# Enable endpoint_pod_names option for kubernetes plugin\nenable_coredns_k8s_endpoint_pod_names: false\n\n# Can be docker_dns, host_resolvconf or none\nresolvconf_mode: host_resolvconf\n# Deploy netchecker app to verify DNS resolve as an HTTP service\ndeploy_netchecker: false\n# Ip address of the kubernetes skydns service\nskydns_server: \"{{ kube_service_addresses|ipaddr('net')|ipaddr(3)|ipaddr('address') }}\"\nskydns_server_secondary: \"{{ kube_service_addresses|ipaddr('net')|ipaddr(4)|ipaddr('address') }}\"\ndns_domain: \"{{ cluster_name }}\"\n\n## Container runtime\n## docker for docker, crio for cri-o and containerd for containerd.\n## Default: containerd\ncontainer_manager: docker\n\n# Additional container runtimes\nkata_containers_enabled: false\n\nkubeadm_certificate_key: \"{{ lookup('password', credentials_dir + '/kubeadm_certificate_key.creds length=64 chars=hexdigits') | lower }}\"\n\n# K8s image pull policy (imagePullPolicy)\nk8s_image_pull_policy: IfNotPresent\n\n# audit log for kubernetes\nkubernetes_audit: false\n\n# dynamic kubelet configuration\n# Note: Feature DynamicKubeletConfig is deprecated in 1.22 and will not move to GA.\n# It is planned to be removed from Kubernetes in the version 1.23.\n# Please use alternative ways to update kubelet configuration.\ndynamic_kubelet_configuration: false\n\n# define kubelet config dir for dynamic kubelet\n# kubelet_config_dir:\ndefault_kubelet_config_dir: \"{{ kube_config_dir }}/dynamic_kubelet_dir\"\ndynamic_kubelet_configuration_dir: \"{{ kubelet_config_dir | default(default_kubelet_config_dir) }}\"\n\n# pod security policy (RBAC must be enabled either by having 'RBAC' in authorization_modes or kubeadm enabled)\npodsecuritypolicy_enabled: false\n\n# Custom PodSecurityPolicySpec for restricted policy\n# podsecuritypolicy_restricted_spec: {}\n\n# Custom PodSecurityPolicySpec for privileged policy\n# podsecuritypolicy_privileged_spec: {}\n\n# Make a copy of kubeconfig on the host that runs Ansible in {{ inventory_dir }}/artifacts\n# kubeconfig_localhost: false\n# Download kubectl onto the host that runs Ansible in {{ bin_dir }}\n# kubectl_localhost: false\n\n# A comma separated list of levels of node allocatable enforcement to be enforced by kubelet.\n# Acceptable options are 'pods', 'system-reserved', 'kube-reserved' and ''. Default is \"\".\n# kubelet_enforce_node_allocatable: pods\n\n## Optionally reserve resources for OS system daemons.\n# system_reserved: true\n## Uncomment to override default values\n# system_memory_reserved: 512Mi\n# system_cpu_reserved: 500m\n## Reservation for master hosts\n# system_master_memory_reserved: 256Mi\n# system_master_cpu_reserved: 250m\n\n## Eviction Thresholds to avoid system OOMs\n# https://kubernetes.io/docs/tasks/administer-cluster/reserve-compute-resources/#eviction-thresholds\n# eviction_hard: {}\n# eviction_hard_control_plane: {}\n\n# An alternative flexvolume plugin directory\n# kubelet_flexvolumes_plugins_dir: /usr/libexec/kubernetes/kubelet-plugins/volume/exec\n\n## Supplementary addresses that can be added in kubernetes ssl keys.\n## That can be useful for example to setup a keepalived virtual IP\n# supplementary_addresses_in_ssl_keys: [10.0.0.1, 10.0.0.2, 10.0.0.3]\n\n## Running on top of openstack vms with cinder enabled may lead to unschedulable pods due to NoVolumeZoneConflict restriction in kube-scheduler.\n## See https://github.com/kubernetes-sigs/kubespray/issues/2141\n## Set this variable to true to get rid of this issue\nvolume_cross_zone_attachment: false\n## Add Persistent Volumes Storage Class for corresponding cloud provider (supported: in-tree OpenStack, Cinder CSI,\n## AWS EBS CSI, Azure Disk CSI, GCP Persistent Disk CSI)\npersistent_volumes_enabled: false\n\n## Container Engine Acceleration\n## Enable container acceleration feature, for example use gpu acceleration in containers\n# nvidia_accelerator_enabled: true\n## Nvidia GPU driver install. Install will by done by a (init) pod running as a daemonset.\n## Important: if you use Ubuntu then you should set in all.yml 'docker_storage_options: -s overlay2'\nevent_ttl_duration: \"1h0m0s\"\nauto_renew_certificates: false\nsupplementary_addresses_in_ssl_keys: [158.160.43.207, 158.160.16.233, 51.250.35.165]\n",
            "content_base64": null,
            "content_base64sha256": "9RlnScn0nY8C3UZHE2VEEIOPByYKvaqw+z+chmyquBw=",
            "content_base64sha512": "mcjckAU7me9TbQmqz/dDR5a1Y7VcsnZMfb6QolNc+D2bynj41KNKsWj/gB6IIEfSYSmnHegexmDzYeZ6AiRAmg==",
            "content_md5": "39154c2ceda3cabbca64432419754cdb",
            "content_sha1": "b513ae64db0dd8b4cbc9ad0b8b12efb0cccb7117",
            "content_sha256": "f5196749c9f49d8f02dd464713654410838f07260abdaab0fb3f9c866caab81c",
            "content_sha512": "99c8dc90053b99ef536d09aacff7434796b563b55cb2764c7dbe90a2535cf83d9bca78f8d4a34ab168ff801e882047d26129a71de81ec660f361e67a0224409a",
            "directory_permission": "0777",
            "file_permission": "0777",
            "filename": "./kubespray/inventory/mycluster/group_vars/k8s_cluster/k8s-cluster.yml",
            "id": "b513ae64db0dd8b4cbc9ad0b8b12efb0cccb7117",
            "sensitive_content": null,
            "source": null
          },
          "sensitive_attributes": [],
          "dependencies": [
            "data.yandex_compute_image.ubuntu_image",
            "yandex_compute_instance.node01",
            "yandex_compute_instance.node02",
            "yandex_compute_instance.node03",
            "yandex_vpc_network.my_network",
            "yandex_vpc_subnet.my_subnet_a",
            "yandex_vpc_subnet.my_subnet_b",
            "yandex_vpc_subnet.my_subnet_c"
          ]
        }
      ]
    },
    {
      "mode": "managed",
      "type": "null_resource",
      "name": "cluster",
      "provider": "provider[\"registry.terraform.io/hashicorp/null\"]",
      "instances": [
        {
          "status": "tainted",
          "schema_version": 0,
          "attributes": {
            "id": "4853254622455599951",
            "triggers": null
          },
          "sensitive_attributes": []
        }
      ]
    },
    {
      "mode": "managed",
      "type": "null_resource",
      "name": "wait",
      "provider": "provider[\"registry.terraform.io/hashicorp/null\"]",
      "instances": [
        {
          "schema_version": 0,
          "attributes": {
            "id": "5759810366787748267",
            "triggers": null
          },
          "sensitive_attributes": [],
          "dependencies": [
            "data.yandex_compute_image.ubuntu_image",
            "local_file.inventory",
            "yandex_compute_instance.node01",
            "yandex_compute_instance.node02",
            "yandex_compute_instance.node03",
            "yandex_compute_instance.node04",
            "yandex_compute_instance.node05",
            "yandex_compute_instance.node06",
            "yandex_vpc_network.my_network",
            "yandex_vpc_subnet.my_subnet_a",
            "yandex_vpc_subnet.my_subnet_b",
            "yandex_vpc_subnet.my_subnet_c"
          ]
        }
      ]
    },
    {
      "mode": "managed",
      "type": "yandex_compute_instance",
      "name": "node01",
      "provider": "provider[\"terraform-registry.storage.yandexcloud.net/yandex-cloud/yandex\"]",
      "instances": [
        {
          "schema_version": 1,
          "attributes": {
            "allow_stopping_for_update": true,
            "boot_disk": [
              {
                "auto_delete": true,
                "device_name": "fhm0fuj4ak9rml7v80ej",
                "disk_id": "fhm0fuj4ak9rml7v80ej",
                "initialize_params": [
                  {
                    "block_size": 4096,
                    "description": "",
                    "image_id": "fd8emvfmfoaordspe1jr",
                    "name": "node01",
                    "size": 10,
                    "snapshot_id": "",
                    "type": "network-hdd"
                  }
                ],
                "mode": "READ_WRITE"
              }
            ],
            "created_at": "2023-03-18T11:42:14Z",
            "description": "",
            "folder_id": "b1gmf5u5ph00n7lddsgb",
            "fqdn": "node01.ru-central1.internal",
            "hostname": "node01",
            "id": "fhmrhq9lai615h4f7m75",
            "labels": null,
            "metadata": {
              "user-data": "#cloud-config\nusers:\n  - name: netology \n    groups: sudo\n    shell: /bin/bash\n    sudo: ['ALL=(ALL) NOPASSWD:ALL']\n    ssh_authorized_keys: \n      - ssh-rsa AAAAB3NzaC1yc2EAAAADAQABAAABgQDbSmF+9PSTaBpK4OKOc9s2mhHVGQollgSXVDdblmsx8t6r4LGOkE35Lb/Mh0/x7IDrlXmg33Tey3PLReAf1YN5psPbkBXPZKzpcpSg6991xszEa2CoLrnkDJovefZOjRhgELj7U2PWgrFBS73eRAdxSXyFgVM6OKVOv9bdPpTs49ZPHAxiraVl5g2/3QYS9Gt3/8TetbL8HJQwK9YtXZsSyUlut05vqB3J9F4lQFOVn/nK/ei1VHAwBmX3SWsuRf12mjPlV/hGUivMMO0pTHqnL18zhK2qsBifDFlPmyRTpZHD7Egeg7MadINB3PWpIwrlalBPblFeK7L13UuJGMhDndM4b3jZINPVAeE4w+cTOlTZw8AveCX2FcD56f6zJbRctTPTOwDgVEJtaeNPuM4vMneLWAic2yNGkBv//KK0qqH4JsOjYfZ1BKZSVdRJ6PuXyxMDUUSiaJeN0YtmAshxqyIcEMUVWPVr+CJClSKA79Baad/rcZU0AjYvkuS05vs= \n"
            },
            "name": "node01",
            "network_acceleration_type": "standard",
            "network_interface": [
              {
                "dns_record": [],
                "index": 0,
                "ip_address": "10.0.1.22",
                "ipv4": true,
                "ipv6": false,
                "ipv6_address": "",
                "ipv6_dns_record": [],
                "mac_address": "d0:0d:1b:8e:93:55",
                "nat": true,
                "nat_dns_record": [],
                "nat_ip_address": "158.160.43.207",
                "nat_ip_version": "IPV4",
                "security_group_ids": [],
                "subnet_id": "e9b8mtdum3b5uh80e4c8"
              }
            ],
            "placement_policy": [
              {
                "placement_group_id": ""
              }
            ],
            "platform_id": "standard-v1",
            "resources": [
              {
                "core_fraction": 100,
                "cores": 2,
                "gpus": 0,
                "memory": 4
              }
            ],
            "scheduling_policy": [
              {
                "preemptible": false
              }
            ],
            "secondary_disk": [],
            "service_account_id": "",
            "status": "running",
            "timeouts": null,
            "zone": "ru-central1-a"
          },
          "sensitive_attributes": [],
          "private": "eyJlMmJmYjczMC1lY2FhLTExZTYtOGY4OC0zNDM2M2JjN2M0YzAiOnsiY3JlYXRlIjozMDAwMDAwMDAwMDAsImRlbGV0ZSI6MzAwMDAwMDAwMDAwLCJ1cGRhdGUiOjMwMDAwMDAwMDAwMH0sInNjaGVtYV92ZXJzaW9uIjoiMSJ9",
          "dependencies": [
            "data.yandex_compute_image.ubuntu_image",
            "yandex_vpc_network.my_network",
            "yandex_vpc_subnet.my_subnet_a"
          ]
        }
      ]
    },
    {
      "mode": "managed",
      "type": "yandex_compute_instance",
      "name": "node02",
      "provider": "provider[\"terraform-registry.storage.yandexcloud.net/yandex-cloud/yandex\"]",
      "instances": [
        {
          "schema_version": 1,
          "attributes": {
            "allow_stopping_for_update": true,
            "boot_disk": [
              {
                "auto_delete": true,
                "device_name": "epdsibo15k9603sdkge3",
                "disk_id": "epdsibo15k9603sdkge3",
                "initialize_params": [
                  {
                    "block_size": 4096,
                    "description": "",
                    "image_id": "fd8emvfmfoaordspe1jr",
                    "name": "node02",
                    "size": 10,
                    "snapshot_id": "",
                    "type": "network-hdd"
                  }
                ],
                "mode": "READ_WRITE"
              }
            ],
            "created_at": "2023-03-18T11:42:15Z",
            "description": "",
            "folder_id": "b1gmf5u5ph00n7lddsgb",
            "fqdn": "node02.ru-central1.internal",
            "hostname": "node02",
            "id": "epdsqfsbmpm3f2vgn78d",
            "labels": null,
            "metadata": {
              "user-data": "#cloud-config\nusers:\n  - name: netology \n    groups: sudo\n    shell: /bin/bash\n    sudo: ['ALL=(ALL) NOPASSWD:ALL']\n    ssh_authorized_keys: \n      - ssh-rsa AAAAB3NzaC1yc2EAAAADAQABAAABgQDbSmF+9PSTaBpK4OKOc9s2mhHVGQollgSXVDdblmsx8t6r4LGOkE35Lb/Mh0/x7IDrlXmg33Tey3PLReAf1YN5psPbkBXPZKzpcpSg6991xszEa2CoLrnkDJovefZOjRhgELj7U2PWgrFBS73eRAdxSXyFgVM6OKVOv9bdPpTs49ZPHAxiraVl5g2/3QYS9Gt3/8TetbL8HJQwK9YtXZsSyUlut05vqB3J9F4lQFOVn/nK/ei1VHAwBmX3SWsuRf12mjPlV/hGUivMMO0pTHqnL18zhK2qsBifDFlPmyRTpZHD7Egeg7MadINB3PWpIwrlalBPblFeK7L13UuJGMhDndM4b3jZINPVAeE4w+cTOlTZw8AveCX2FcD56f6zJbRctTPTOwDgVEJtaeNPuM4vMneLWAic2yNGkBv//KK0qqH4JsOjYfZ1BKZSVdRJ6PuXyxMDUUSiaJeN0YtmAshxqyIcEMUVWPVr+CJClSKA79Baad/rcZU0AjYvkuS05vs= \n"
            },
            "name": "node02",
            "network_acceleration_type": "standard",
            "network_interface": [
              {
                "dns_record": [],
                "index": 0,
                "ip_address": "10.0.2.14",
                "ipv4": true,
                "ipv6": false,
                "ipv6_address": "",
                "ipv6_dns_record": [],
                "mac_address": "d0:0d:1c:d3:f8:bb",
                "nat": true,
                "nat_dns_record": [],
                "nat_ip_address": "158.160.16.233",
                "nat_ip_version": "IPV4",
                "security_group_ids": [],
                "subnet_id": "e2labkenv6m31nthecii"
              }
            ],
            "placement_policy": [
              {
                "placement_group_id": ""
              }
            ],
            "platform_id": "standard-v1",
            "resources": [
              {
                "core_fraction": 100,
                "cores": 2,
                "gpus": 0,
                "memory": 4
              }
            ],
            "scheduling_policy": [
              {
                "preemptible": false
              }
            ],
            "secondary_disk": [],
            "service_account_id": "",
            "status": "running",
            "timeouts": null,
            "zone": "ru-central1-b"
          },
          "sensitive_attributes": [],
          "private": "eyJlMmJmYjczMC1lY2FhLTExZTYtOGY4OC0zNDM2M2JjN2M0YzAiOnsiY3JlYXRlIjozMDAwMDAwMDAwMDAsImRlbGV0ZSI6MzAwMDAwMDAwMDAwLCJ1cGRhdGUiOjMwMDAwMDAwMDAwMH0sInNjaGVtYV92ZXJzaW9uIjoiMSJ9",
          "dependencies": [
            "data.yandex_compute_image.ubuntu_image",
            "yandex_vpc_network.my_network",
            "yandex_vpc_subnet.my_subnet_b"
          ]
        }
      ]
    },
    {
      "mode": "managed",
      "type": "yandex_compute_instance",
      "name": "node03",
      "provider": "provider[\"terraform-registry.storage.yandexcloud.net/yandex-cloud/yandex\"]",
      "instances": [
        {
          "schema_version": 1,
          "attributes": {
            "allow_stopping_for_update": true,
            "boot_disk": [
              {
                "auto_delete": true,
                "device_name": "ef35okm6aq0j857fd50a",
                "disk_id": "ef35okm6aq0j857fd50a",
                "initialize_params": [
                  {
                    "block_size": 4096,
                    "description": "",
                    "image_id": "fd8emvfmfoaordspe1jr",
                    "name": "node03",
                    "size": 10,
                    "snapshot_id": "",
                    "type": "network-hdd"
                  }
                ],
                "mode": "READ_WRITE"
              }
            ],
            "created_at": "2023-03-18T11:42:16Z",
            "description": "",
            "folder_id": "b1gmf5u5ph00n7lddsgb",
            "fqdn": "node03.netology.yc",
            "hostname": "node03",
            "id": "ef3n17i6if3mhbeo5vur",
            "labels": null,
            "metadata": {
              "user-data": "#cloud-config\nusers:\n  - name: netology \n    groups: sudo\n    shell: /bin/bash\n    sudo: ['ALL=(ALL) NOPASSWD:ALL']\n    ssh_authorized_keys: \n      - ssh-rsa AAAAB3NzaC1yc2EAAAADAQABAAABgQDbSmF+9PSTaBpK4OKOc9s2mhHVGQollgSXVDdblmsx8t6r4LGOkE35Lb/Mh0/x7IDrlXmg33Tey3PLReAf1YN5psPbkBXPZKzpcpSg6991xszEa2CoLrnkDJovefZOjRhgELj7U2PWgrFBS73eRAdxSXyFgVM6OKVOv9bdPpTs49ZPHAxiraVl5g2/3QYS9Gt3/8TetbL8HJQwK9YtXZsSyUlut05vqB3J9F4lQFOVn/nK/ei1VHAwBmX3SWsuRf12mjPlV/hGUivMMO0pTHqnL18zhK2qsBifDFlPmyRTpZHD7Egeg7MadINB3PWpIwrlalBPblFeK7L13UuJGMhDndM4b3jZINPVAeE4w+cTOlTZw8AveCX2FcD56f6zJbRctTPTOwDgVEJtaeNPuM4vMneLWAic2yNGkBv//KK0qqH4JsOjYfZ1BKZSVdRJ6PuXyxMDUUSiaJeN0YtmAshxqyIcEMUVWPVr+CJClSKA79Baad/rcZU0AjYvkuS05vs= \n"
            },
            "name": "node03",
            "network_acceleration_type": "standard",
            "network_interface": [
              {
                "dns_record": [],
                "index": 0,
                "ip_address": "10.0.3.27",
                "ipv4": true,
                "ipv6": false,
                "ipv6_address": "",
                "ipv6_dns_record": [],
                "mac_address": "d0:0d:17:09:e4:69",
                "nat": true,
                "nat_dns_record": [],
                "nat_ip_address": "51.250.35.165",
                "nat_ip_version": "IPV4",
                "security_group_ids": [],
                "subnet_id": "b0c30db9jsa56cvuf1oi"
              }
            ],
            "placement_policy": [
              {
                "placement_group_id": ""
              }
            ],
            "platform_id": "standard-v1",
            "resources": [
              {
                "core_fraction": 100,
                "cores": 2,
                "gpus": 0,
                "memory": 4
              }
            ],
            "scheduling_policy": [
              {
                "preemptible": false
              }
            ],
            "secondary_disk": [],
            "service_account_id": "",
            "status": "running",
            "timeouts": null,
            "zone": "ru-central1-c"
          },
          "sensitive_attributes": [],
          "private": "eyJlMmJmYjczMC1lY2FhLTExZTYtOGY4OC0zNDM2M2JjN2M0YzAiOnsiY3JlYXRlIjozMDAwMDAwMDAwMDAsImRlbGV0ZSI6MzAwMDAwMDAwMDAwLCJ1cGRhdGUiOjMwMDAwMDAwMDAwMH0sInNjaGVtYV92ZXJzaW9uIjoiMSJ9",
          "dependencies": [
            "data.yandex_compute_image.ubuntu_image",
            "yandex_vpc_network.my_network",
            "yandex_vpc_subnet.my_subnet_c"
          ]
        }
      ]
    },
    {
      "mode": "managed",
      "type": "yandex_compute_instance",
      "name": "node04",
      "provider": "provider[\"terraform-registry.storage.yandexcloud.net/yandex-cloud/yandex\"]",
      "instances": [
        {
          "schema_version": 1,
          "attributes": {
            "allow_stopping_for_update": true,
            "boot_disk": [
              {
                "auto_delete": true,
                "device_name": "fhm97i9lbi5apjerk7bp",
                "disk_id": "fhm97i9lbi5apjerk7bp",
                "initialize_params": [
                  {
                    "block_size": 4096,
                    "description": "",
                    "image_id": "fd8emvfmfoaordspe1jr",
                    "name": "node04",
                    "size": 15,
                    "snapshot_id": "",
                    "type": "network-hdd"
                  }
                ],
                "mode": "READ_WRITE"
              }
            ],
            "created_at": "2023-03-18T11:42:14Z",
            "description": "",
            "folder_id": "b1gmf5u5ph00n7lddsgb",
            "fqdn": "node04.ru-central1.internal",
            "hostname": "node04",
            "id": "fhmlcfsf5mflsjfk968g",
            "labels": null,
            "metadata": {
              "user-data": "#cloud-config\nusers:\n  - name: netology \n    groups: sudo\n    shell: /bin/bash\n    sudo: ['ALL=(ALL) NOPASSWD:ALL']\n    ssh_authorized_keys: \n      - ssh-rsa AAAAB3NzaC1yc2EAAAADAQABAAABgQDbSmF+9PSTaBpK4OKOc9s2mhHVGQollgSXVDdblmsx8t6r4LGOkE35Lb/Mh0/x7IDrlXmg33Tey3PLReAf1YN5psPbkBXPZKzpcpSg6991xszEa2CoLrnkDJovefZOjRhgELj7U2PWgrFBS73eRAdxSXyFgVM6OKVOv9bdPpTs49ZPHAxiraVl5g2/3QYS9Gt3/8TetbL8HJQwK9YtXZsSyUlut05vqB3J9F4lQFOVn/nK/ei1VHAwBmX3SWsuRf12mjPlV/hGUivMMO0pTHqnL18zhK2qsBifDFlPmyRTpZHD7Egeg7MadINB3PWpIwrlalBPblFeK7L13UuJGMhDndM4b3jZINPVAeE4w+cTOlTZw8AveCX2FcD56f6zJbRctTPTOwDgVEJtaeNPuM4vMneLWAic2yNGkBv//KK0qqH4JsOjYfZ1BKZSVdRJ6PuXyxMDUUSiaJeN0YtmAshxqyIcEMUVWPVr+CJClSKA79Baad/rcZU0AjYvkuS05vs= \n"
            },
            "name": "node04",
            "network_acceleration_type": "standard",
            "network_interface": [
              {
                "dns_record": [],
                "index": 0,
                "ip_address": "10.0.1.4",
                "ipv4": true,
                "ipv6": false,
                "ipv6_address": "",
                "ipv6_dns_record": [],
                "mac_address": "d0:0d:15:63:f8:f2",
                "nat": true,
                "nat_dns_record": [],
                "nat_ip_address": "158.160.38.5",
                "nat_ip_version": "IPV4",
                "security_group_ids": [],
                "subnet_id": "e9b8mtdum3b5uh80e4c8"
              }
            ],
            "placement_policy": [
              {
                "placement_group_id": ""
              }
            ],
            "platform_id": "standard-v1",
            "resources": [
              {
                "core_fraction": 100,
                "cores": 2,
                "gpus": 0,
                "memory": 4
              }
            ],
            "scheduling_policy": [
              {
                "preemptible": false
              }
            ],
            "secondary_disk": [],
            "service_account_id": "",
            "status": "running",
            "timeouts": null,
            "zone": "ru-central1-a"
          },
          "sensitive_attributes": [],
          "private": "eyJlMmJmYjczMC1lY2FhLTExZTYtOGY4OC0zNDM2M2JjN2M0YzAiOnsiY3JlYXRlIjozMDAwMDAwMDAwMDAsImRlbGV0ZSI6MzAwMDAwMDAwMDAwLCJ1cGRhdGUiOjMwMDAwMDAwMDAwMH0sInNjaGVtYV92ZXJzaW9uIjoiMSJ9",
          "dependencies": [
            "data.yandex_compute_image.ubuntu_image",
            "yandex_vpc_network.my_network",
            "yandex_vpc_subnet.my_subnet_a"
          ]
        }
      ]
    },
    {
      "mode": "managed",
      "type": "yandex_compute_instance",
      "name": "node05",
      "provider": "provider[\"terraform-registry.storage.yandexcloud.net/yandex-cloud/yandex\"]",
      "instances": [
        {
          "schema_version": 1,
          "attributes": {
            "allow_stopping_for_update": true,
            "boot_disk": [
              {
                "auto_delete": true,
                "device_name": "epdih92o1at7mcu2e62a",
                "disk_id": "epdih92o1at7mcu2e62a",
                "initialize_params": [
                  {
                    "block_size": 4096,
                    "description": "",
                    "image_id": "fd8emvfmfoaordspe1jr",
                    "name": "node05",
                    "size": 15,
                    "snapshot_id": "",
                    "type": "network-hdd"
                  }
                ],
                "mode": "READ_WRITE"
              }
            ],
            "created_at": "2023-03-18T11:42:15Z",
            "description": "",
            "folder_id": "b1gmf5u5ph00n7lddsgb",
            "fqdn": "node05.ru-central1.internal",
            "hostname": "node05",
            "id": "epd4e4p412399b3saln0",
            "labels": null,
            "metadata": {
              "user-data": "#cloud-config\nusers:\n  - name: netology \n    groups: sudo\n    shell: /bin/bash\n    sudo: ['ALL=(ALL) NOPASSWD:ALL']\n    ssh_authorized_keys: \n      - ssh-rsa AAAAB3NzaC1yc2EAAAADAQABAAABgQDbSmF+9PSTaBpK4OKOc9s2mhHVGQollgSXVDdblmsx8t6r4LGOkE35Lb/Mh0/x7IDrlXmg33Tey3PLReAf1YN5psPbkBXPZKzpcpSg6991xszEa2CoLrnkDJovefZOjRhgELj7U2PWgrFBS73eRAdxSXyFgVM6OKVOv9bdPpTs49ZPHAxiraVl5g2/3QYS9Gt3/8TetbL8HJQwK9YtXZsSyUlut05vqB3J9F4lQFOVn/nK/ei1VHAwBmX3SWsuRf12mjPlV/hGUivMMO0pTHqnL18zhK2qsBifDFlPmyRTpZHD7Egeg7MadINB3PWpIwrlalBPblFeK7L13UuJGMhDndM4b3jZINPVAeE4w+cTOlTZw8AveCX2FcD56f6zJbRctTPTOwDgVEJtaeNPuM4vMneLWAic2yNGkBv//KK0qqH4JsOjYfZ1BKZSVdRJ6PuXyxMDUUSiaJeN0YtmAshxqyIcEMUVWPVr+CJClSKA79Baad/rcZU0AjYvkuS05vs= \n"
            },
            "name": "node05",
            "network_acceleration_type": "standard",
            "network_interface": [
              {
                "dns_record": [],
                "index": 0,
                "ip_address": "10.0.2.28",
                "ipv4": true,
                "ipv6": false,
                "ipv6_address": "",
                "ipv6_dns_record": [],
                "mac_address": "d0:0d:47:13:24:08",
                "nat": true,
                "nat_dns_record": [],
                "nat_ip_address": "62.84.123.108",
                "nat_ip_version": "IPV4",
                "security_group_ids": [],
                "subnet_id": "e2labkenv6m31nthecii"
              }
            ],
            "placement_policy": [
              {
                "placement_group_id": ""
              }
            ],
            "platform_id": "standard-v1",
            "resources": [
              {
                "core_fraction": 100,
                "cores": 2,
                "gpus": 0,
                "memory": 4
              }
            ],
            "scheduling_policy": [
              {
                "preemptible": false
              }
            ],
            "secondary_disk": [],
            "service_account_id": "",
            "status": "running",
            "timeouts": null,
            "zone": "ru-central1-b"
          },
          "sensitive_attributes": [],
          "private": "eyJlMmJmYjczMC1lY2FhLTExZTYtOGY4OC0zNDM2M2JjN2M0YzAiOnsiY3JlYXRlIjozMDAwMDAwMDAwMDAsImRlbGV0ZSI6MzAwMDAwMDAwMDAwLCJ1cGRhdGUiOjMwMDAwMDAwMDAwMH0sInNjaGVtYV92ZXJzaW9uIjoiMSJ9",
          "dependencies": [
            "data.yandex_compute_image.ubuntu_image",
            "yandex_vpc_network.my_network",
            "yandex_vpc_subnet.my_subnet_b"
          ]
        }
      ]
    },
    {
      "mode": "managed",
      "type": "yandex_compute_instance",
      "name": "node06",
      "provider": "provider[\"terraform-registry.storage.yandexcloud.net/yandex-cloud/yandex\"]",
      "instances": [
        {
          "schema_version": 1,
          "attributes": {
            "allow_stopping_for_update": true,
            "boot_disk": [
              {
                "auto_delete": true,
                "device_name": "ef3814hdqg267md4fso9",
                "disk_id": "ef3814hdqg267md4fso9",
                "initialize_params": [
                  {
                    "block_size": 4096,
                    "description": "",
                    "image_id": "fd8emvfmfoaordspe1jr",
                    "name": "node06",
                    "size": 15,
                    "snapshot_id": "",
                    "type": "network-hdd"
                  }
                ],
                "mode": "READ_WRITE"
              }
            ],
            "created_at": "2023-03-18T11:42:16Z",
            "description": "",
            "folder_id": "b1gmf5u5ph00n7lddsgb",
            "fqdn": "node06.ru-central1.internal",
            "hostname": "node06",
            "id": "ef33kalnoq7kmkdt6jcr",
            "labels": null,
            "metadata": {
              "user-data": "#cloud-config\nusers:\n  - name: netology \n    groups: sudo\n    shell: /bin/bash\n    sudo: ['ALL=(ALL) NOPASSWD:ALL']\n    ssh_authorized_keys: \n      - ssh-rsa AAAAB3NzaC1yc2EAAAADAQABAAABgQDbSmF+9PSTaBpK4OKOc9s2mhHVGQollgSXVDdblmsx8t6r4LGOkE35Lb/Mh0/x7IDrlXmg33Tey3PLReAf1YN5psPbkBXPZKzpcpSg6991xszEa2CoLrnkDJovefZOjRhgELj7U2PWgrFBS73eRAdxSXyFgVM6OKVOv9bdPpTs49ZPHAxiraVl5g2/3QYS9Gt3/8TetbL8HJQwK9YtXZsSyUlut05vqB3J9F4lQFOVn/nK/ei1VHAwBmX3SWsuRf12mjPlV/hGUivMMO0pTHqnL18zhK2qsBifDFlPmyRTpZHD7Egeg7MadINB3PWpIwrlalBPblFeK7L13UuJGMhDndM4b3jZINPVAeE4w+cTOlTZw8AveCX2FcD56f6zJbRctTPTOwDgVEJtaeNPuM4vMneLWAic2yNGkBv//KK0qqH4JsOjYfZ1BKZSVdRJ6PuXyxMDUUSiaJeN0YtmAshxqyIcEMUVWPVr+CJClSKA79Baad/rcZU0AjYvkuS05vs= \n"
            },
            "name": "node06",
            "network_acceleration_type": "standard",
            "network_interface": [
              {
                "dns_record": [],
                "index": 0,
                "ip_address": "10.0.3.22",
                "ipv4": true,
                "ipv6": false,
                "ipv6_address": "",
                "ipv6_dns_record": [],
                "mac_address": "d0:0d:3a:2a:b7:c6",
                "nat": true,
                "nat_dns_record": [],
                "nat_ip_address": "84.201.145.109",
                "nat_ip_version": "IPV4",
                "security_group_ids": [],
                "subnet_id": "b0c30db9jsa56cvuf1oi"
              }
            ],
            "placement_policy": [
              {
                "placement_group_id": ""
              }
            ],
            "platform_id": "standard-v1",
            "resources": [
              {
                "core_fraction": 100,
                "cores": 2,
                "gpus": 0,
                "memory": 4
              }
            ],
            "scheduling_policy": [
              {
                "preemptible": false
              }
            ],
            "secondary_disk": [],
            "service_account_id": "",
            "status": "running",
            "timeouts": null,
            "zone": "ru-central1-c"
          },
          "sensitive_attributes": [],
          "private": "eyJlMmJmYjczMC1lY2FhLTExZTYtOGY4OC0zNDM2M2JjN2M0YzAiOnsiY3JlYXRlIjozMDAwMDAwMDAwMDAsImRlbGV0ZSI6MzAwMDAwMDAwMDAwLCJ1cGRhdGUiOjMwMDAwMDAwMDAwMH0sInNjaGVtYV92ZXJzaW9uIjoiMSJ9",
          "dependencies": [
            "data.yandex_compute_image.ubuntu_image",
            "yandex_vpc_network.my_network",
            "yandex_vpc_subnet.my_subnet_c"
          ]
        }
      ]
    },
    {
      "mode": "managed",
      "type": "yandex_lb_network_load_balancer",
      "name": "my_load_balancer",
      "provider": "provider[\"terraform-registry.storage.yandexcloud.net/yandex-cloud/yandex\"]",
      "instances": [
        {
          "schema_version": 0,
          "attributes": {
            "attached_target_group": [
              {
                "healthcheck": [
                  {
                    "healthy_threshold": 2,
                    "http_options": [
                      {
                        "path": "/",
                        "port": 22
                      }
                    ],
                    "interval": 2,
                    "name": "http",
                    "tcp_options": [],
                    "timeout": 1,
                    "unhealthy_threshold": 2
                  }
                ],
                "target_group_id": "enpdjrujko0oiek9r4fd"
              }
            ],
            "created_at": "2023-03-18T11:42:47Z",
            "description": "",
            "folder_id": "b1gmf5u5ph00n7lddsgb",
            "id": "enph55nug2iqvqjgsefv",
            "labels": null,
            "listener": [
              {
                "external_address_spec": [
                  {
                    "address": "84.201.171.3",
                    "ip_version": "ipv4"
                  }
                ],
                "internal_address_spec": [],
                "name": "my-listener",
                "port": 6443,
                "protocol": "tcp",
                "target_port": 6443
              }
            ],
            "name": "my-lb",
            "region_id": "ru-central1",
            "timeouts": null,
            "type": "external"
          },
          "sensitive_attributes": [],
          "private": "eyJlMmJmYjczMC1lY2FhLTExZTYtOGY4OC0zNDM2M2JjN2M0YzAiOnsiY3JlYXRlIjozMDAwMDAwMDAwMDAsImRlbGV0ZSI6MzAwMDAwMDAwMDAwLCJ1cGRhdGUiOjMwMDAwMDAwMDAwMH19",
          "dependencies": [
            "data.yandex_compute_image.ubuntu_image",
            "yandex_compute_instance.node01",
            "yandex_lb_target_group.my-k8s",
            "yandex_vpc_network.my_network",
            "yandex_vpc_subnet.my_subnet_a"
          ]
        }
      ]
    },
    {
      "mode": "managed",
      "type": "yandex_lb_target_group",
      "name": "my-k8s",
      "provider": "provider[\"terraform-registry.storage.yandexcloud.net/yandex-cloud/yandex\"]",
      "instances": [
        {
          "schema_version": 0,
          "attributes": {
            "created_at": "2023-03-18T11:42:44Z",
            "description": "",
            "folder_id": "b1gmf5u5ph00n7lddsgb",
            "id": "enpdjrujko0oiek9r4fd",
            "labels": null,
            "name": "my-k8s",
            "region_id": "ru-central1",
            "target": [
              {
                "address": "10.0.1.22",
                "subnet_id": "e9b8mtdum3b5uh80e4c8"
              }
            ],
            "timeouts": null
          },
          "sensitive_attributes": [],
          "private": "eyJlMmJmYjczMC1lY2FhLTExZTYtOGY4OC0zNDM2M2JjN2M0YzAiOnsiY3JlYXRlIjozMDAwMDAwMDAwMDAsImRlbGV0ZSI6MzAwMDAwMDAwMDAwLCJ1cGRhdGUiOjMwMDAwMDAwMDAwMH19",
          "dependencies": [
            "data.yandex_compute_image.ubuntu_image",
            "yandex_compute_instance.node01",
            "yandex_vpc_network.my_network",
            "yandex_vpc_subnet.my_subnet_a"
          ]
        }
      ]
    },
    {
      "mode": "managed",
      "type": "yandex_vpc_network",
      "name": "my_network",
      "provider": "provider[\"terraform-registry.storage.yandexcloud.net/yandex-cloud/yandex\"]",
      "instances": [
        {
          "schema_version": 0,
          "attributes": {
            "created_at": "2023-03-18T11:42:12Z",
            "default_security_group_id": "",
            "description": "",
            "folder_id": "b1gmf5u5ph00n7lddsgb",
            "id": "enp5k07kr9qtq4auss76",
            "labels": {},
            "name": "my_network",
            "subnet_ids": [],
            "timeouts": null
          },
          "sensitive_attributes": [],
          "private": "eyJlMmJmYjczMC1lY2FhLTExZTYtOGY4OC0zNDM2M2JjN2M0YzAiOnsiY3JlYXRlIjo2MDAwMDAwMDAwMCwiZGVsZXRlIjo2MDAwMDAwMDAwMCwidXBkYXRlIjo2MDAwMDAwMDAwMH19"
        }
      ]
    },
    {
      "mode": "managed",
      "type": "yandex_vpc_subnet",
      "name": "my_subnet_a",
      "provider": "provider[\"terraform-registry.storage.yandexcloud.net/yandex-cloud/yandex\"]",
      "instances": [
        {
          "schema_version": 0,
          "attributes": {
            "created_at": "2023-03-18T11:42:13Z",
            "description": "",
            "dhcp_options": [],
            "folder_id": "b1gmf5u5ph00n7lddsgb",
            "id": "e9b8mtdum3b5uh80e4c8",
            "labels": {},
            "name": "",
            "network_id": "enp5k07kr9qtq4auss76",
            "route_table_id": "",
            "timeouts": null,
            "v4_cidr_blocks": [
              "10.0.1.0/24"
            ],
            "v6_cidr_blocks": [],
            "zone": "ru-central1-a"
          },
          "sensitive_attributes": [],
          "private": "eyJlMmJmYjczMC1lY2FhLTExZTYtOGY4OC0zNDM2M2JjN2M0YzAiOnsiY3JlYXRlIjoxODAwMDAwMDAwMDAsImRlbGV0ZSI6MTgwMDAwMDAwMDAwLCJ1cGRhdGUiOjE4MDAwMDAwMDAwMH19",
          "dependencies": [
            "yandex_vpc_network.my_network"
          ]
        }
      ]
    },
    {
      "mode": "managed",
      "type": "yandex_vpc_subnet",
      "name": "my_subnet_b",
      "provider": "provider[\"terraform-registry.storage.yandexcloud.net/yandex-cloud/yandex\"]",
      "instances": [
        {
          "schema_version": 0,
          "attributes": {
            "created_at": "2023-03-18T11:42:13Z",
            "description": "",
            "dhcp_options": [],
            "folder_id": "b1gmf5u5ph00n7lddsgb",
            "id": "e2labkenv6m31nthecii",
            "labels": {},
            "name": "",
            "network_id": "enp5k07kr9qtq4auss76",
            "route_table_id": "",
            "timeouts": null,
            "v4_cidr_blocks": [
              "10.0.2.0/24"
            ],
            "v6_cidr_blocks": [],
            "zone": "ru-central1-b"
          },
          "sensitive_attributes": [],
          "private": "eyJlMmJmYjczMC1lY2FhLTExZTYtOGY4OC0zNDM2M2JjN2M0YzAiOnsiY3JlYXRlIjoxODAwMDAwMDAwMDAsImRlbGV0ZSI6MTgwMDAwMDAwMDAwLCJ1cGRhdGUiOjE4MDAwMDAwMDAwMH19",
          "dependencies": [
            "yandex_vpc_network.my_network"
          ]
        }
      ]
    },
    {
      "mode": "managed",
      "type": "yandex_vpc_subnet",
      "name": "my_subnet_c",
      "provider": "provider[\"terraform-registry.storage.yandexcloud.net/yandex-cloud/yandex\"]",
      "instances": [
        {
          "schema_version": 0,
          "attributes": {
            "created_at": "2023-03-18T11:42:14Z",
            "description": "",
            "dhcp_options": [],
            "folder_id": "b1gmf5u5ph00n7lddsgb",
            "id": "b0c30db9jsa56cvuf1oi",
            "labels": {},
            "name": "",
            "network_id": "enp5k07kr9qtq4auss76",
            "route_table_id": "",
            "timeouts": null,
            "v4_cidr_blocks": [
              "10.0.3.0/24"
            ],
            "v6_cidr_blocks": [],
            "zone": "ru-central1-c"
          },
          "sensitive_attributes": [],
          "private": "eyJlMmJmYjczMC1lY2FhLTExZTYtOGY4OC0zNDM2M2JjN2M0YzAiOnsiY3JlYXRlIjoxODAwMDAwMDAwMDAsImRlbGV0ZSI6MTgwMDAwMDAwMDAwLCJ1cGRhdGUiOjE4MDAwMDAwMDAwMH19",
          "dependencies": [
            "yandex_vpc_network.my_network"
          ]
        }
      ]
    }
  ],
  "check_results": null
}
