{
  "version": 4,
  "terraform_version": "1.3.9",
  "serial": 271,
  "lineage": "9501da51-532f-84a4-6fb1-2b8589303659",
  "outputs": {
    "external_ip_address_node01": {
      "value": "158.160.39.186",
      "type": "string"
    },
    "external_ip_address_node02": {
      "value": "158.160.28.132",
      "type": "string"
    },
    "external_ip_address_node03": {
      "value": "84.201.148.96",
      "type": "string"
    },
    "external_ip_address_node04": {
      "value": "158.160.63.178",
      "type": "string"
    },
    "external_ip_address_node05": {
      "value": "158.160.11.123",
      "type": "string"
    },
    "external_ip_address_node06": {
      "value": "84.201.149.95",
      "type": "string"
    },
    "internal_ip_address_node01": {
      "value": "10.0.1.23",
      "type": "string"
    },
    "internal_ip_address_node02": {
      "value": "10.0.2.18",
      "type": "string"
    },
    "internal_ip_address_node03": {
      "value": "10.0.3.13",
      "type": "string"
    },
    "internal_ip_address_node04": {
      "value": "10.0.1.16",
      "type": "string"
    },
    "internal_ip_address_node05": {
      "value": "10.0.2.7",
      "type": "string"
    },
    "internal_ip_address_node06": {
      "value": "10.0.3.5",
      "type": "string"
    }
  },
  "resources": [
    {
      "mode": "managed",
      "type": "local_file",
      "name": "inventory",
      "provider": "provider[\"registry.terraform.io/hashicorp/local\"]",
      "instances": [
        {
          "schema_version": 0,
          "attributes": {
            "content": "# Ansible inventory containing variable values from Terraform.\n# Generated by Terraform.\n\n[nodes:children]\nmanagers\nworkers\n\n[managers:children]\nactive\nstandby\n\n[active]\nnode01.netology.yc ansible_host=158.160.39.186\n\n[standby]\nnode02.netology.yc ansible_host=158.160.28.132\nnode03.netology.yc ansible_host=84.201.148.96\n\n[workers]\nnode04.netology.yc ansible_host=158.160.63.178\nnode05.netology.yc ansible_host=158.160.11.123\nnode06.netology.yc ansible_host=84.201.149.95\n",
            "content_base64": null,
            "content_base64sha256": "gjVonIUp0AlNfnAyjR1+ewt7gInzNBnQmXgJ69D6v2U=",
            "content_base64sha512": "qYEDCq+AUA0y708ThA4T859F1cXd1Dd6AKxWNZKTbmXkKj/WF51E52j2k8DUzaQjkoLnkgIY1s/FiKlfKUEaNQ==",
            "content_md5": "800f2c1f51a6a0a3a2ed62ac98569e4a",
            "content_sha1": "6c9e223206405406e97bb349cc280eae09c23886",
            "content_sha256": "8235689c8529d0094d7e70328d1d7e7b0b7b8089f33419d0997809ebd0fabf65",
            "content_sha512": "a981030aaf80500d32ef4f13840e13f39f45d5c5ddd4377a00ac563592936e65e42a3fd6179d44e768f693c0d4cda4239282e7920218d6cfc588a95f29411a35",
            "directory_permission": "0777",
            "file_permission": "0777",
            "filename": "../ansible/inventory",
            "id": "6c9e223206405406e97bb349cc280eae09c23886",
            "sensitive_content": null,
            "source": null
          },
          "sensitive_attributes": [],
          "dependencies": [
            "yandex_compute_instance.node01",
            "yandex_compute_instance.node02",
            "yandex_compute_instance.node03",
            "yandex_compute_instance.node04",
            "yandex_compute_instance.node05",
            "yandex_compute_instance.node06",
            "yandex_vpc_network.my_network",
            "yandex_vpc_subnet.my_subnet_a",
            "yandex_vpc_subnet.my_subnet_b",
            "yandex_vpc_subnet.my_subnet_c"
          ]
        }
      ]
    },
    {
      "mode": "managed",
      "type": "null_resource",
      "name": "cluster",
      "provider": "provider[\"registry.terraform.io/hashicorp/null\"]",
      "instances": [
        {
          "status": "tainted",
          "schema_version": 0,
          "attributes": {
            "id": "2381553247574968509",
            "triggers": null
          },
          "sensitive_attributes": []
        }
      ]
    },
    {
      "mode": "managed",
      "type": "null_resource",
      "name": "wait",
      "provider": "provider[\"registry.terraform.io/hashicorp/null\"]",
      "instances": [
        {
          "schema_version": 0,
          "attributes": {
            "id": "7255202764982651089",
            "triggers": null
          },
          "sensitive_attributes": [],
          "dependencies": [
            "local_file.inventory",
            "yandex_compute_instance.node01",
            "yandex_compute_instance.node02",
            "yandex_compute_instance.node03",
            "yandex_compute_instance.node04",
            "yandex_compute_instance.node05",
            "yandex_compute_instance.node06",
            "yandex_vpc_network.my_network",
            "yandex_vpc_subnet.my_subnet_a",
            "yandex_vpc_subnet.my_subnet_b",
            "yandex_vpc_subnet.my_subnet_c"
          ]
        }
      ]
    },
    {
      "mode": "managed",
      "type": "yandex_compute_instance",
      "name": "node01",
      "provider": "provider[\"terraform-registry.storage.yandexcloud.net/yandex-cloud/yandex\"]",
      "instances": [
        {
          "schema_version": 1,
          "attributes": {
            "allow_stopping_for_update": true,
            "boot_disk": [
              {
                "auto_delete": true,
                "device_name": "fhmfcu93hrkrm1k4dj86",
                "disk_id": "fhmfcu93hrkrm1k4dj86",
                "initialize_params": [
                  {
                    "block_size": 4096,
                    "description": "",
                    "image_id": "fd8emvfmfoaordspe1jr",
                    "name": "node01",
                    "size": 10,
                    "snapshot_id": "",
                    "type": "network-hdd"
                  }
                ],
                "mode": "READ_WRITE"
              }
            ],
            "created_at": "2023-03-09T18:30:49Z",
            "description": "",
            "folder_id": "b1gmf5u5ph00n7lddsgb",
            "fqdn": "node01.ru-central1.internal",
            "hostname": "node01",
            "id": "fhmloabjtjcqcuar7rsa",
            "labels": null,
            "metadata": {
              "ssh-keys": "ubuntu:ssh-rsa AAAAB3NzaC1yc2EAAAADAQABAAABgQDbSmF+9PSTaBpK4OKOc9s2mhHVGQollgSXVDdblmsx8t6r4LGOkE35Lb/Mh0/x7IDrlXmg33Tey3PLReAf1YN5psPbkBXPZKzpcpSg6991xszEa2CoLrnkDJovefZOjRhgELj7U2PWgrFBS73eRAdxSXyFgVM6OKVOv9bdPpTs49ZPHAxiraVl5g2/3QYS9Gt3/8TetbL8HJQwK9YtXZsSyUlut05vqB3J9F4lQFOVn/nK/ei1VHAwBmX3SWsuRf12mjPlV/hGUivMMO0pTHqnL18zhK2qsBifDFlPmyRTpZHD7Egeg7MadINB3PWpIwrlalBPblFeK7L13UuJGMhDndM4b3jZINPVAeE4w+cTOlTZw8AveCX2FcD56f6zJbRctTPTOwDgVEJtaeNPuM4vMneLWAic2yNGkBv//KK0qqH4JsOjYfZ1BKZSVdRJ6PuXyxMDUUSiaJeN0YtmAshxqyIcEMUVWPVr+CJClSKA79Baad/rcZU0AjYvkuS05vs= rod@archlinux\n"
            },
            "name": "node01",
            "network_acceleration_type": "standard",
            "network_interface": [
              {
                "dns_record": [],
                "index": 0,
                "ip_address": "10.0.1.23",
                "ipv4": true,
                "ipv6": false,
                "ipv6_address": "",
                "ipv6_dns_record": [],
                "mac_address": "d0:0d:15:c2:97:3e",
                "nat": true,
                "nat_dns_record": [],
                "nat_ip_address": "158.160.39.186",
                "nat_ip_version": "IPV4",
                "security_group_ids": [],
                "subnet_id": "e9b28bl1olu2qa9d2amb"
              }
            ],
            "placement_policy": [
              {
                "placement_group_id": ""
              }
            ],
            "platform_id": "standard-v1",
            "resources": [
              {
                "core_fraction": 100,
                "cores": 2,
                "gpus": 0,
                "memory": 4
              }
            ],
            "scheduling_policy": [
              {
                "preemptible": false
              }
            ],
            "secondary_disk": [],
            "service_account_id": "",
            "status": "running",
            "timeouts": null,
            "zone": "ru-central1-a"
          },
          "sensitive_attributes": [],
          "private": "eyJlMmJmYjczMC1lY2FhLTExZTYtOGY4OC0zNDM2M2JjN2M0YzAiOnsiY3JlYXRlIjozMDAwMDAwMDAwMDAsImRlbGV0ZSI6MzAwMDAwMDAwMDAwLCJ1cGRhdGUiOjMwMDAwMDAwMDAwMH0sInNjaGVtYV92ZXJzaW9uIjoiMSJ9",
          "dependencies": [
            "yandex_vpc_network.my_network",
            "yandex_vpc_subnet.my_subnet_a"
          ]
        }
      ]
    },
    {
      "mode": "managed",
      "type": "yandex_compute_instance",
      "name": "node02",
      "provider": "provider[\"terraform-registry.storage.yandexcloud.net/yandex-cloud/yandex\"]",
      "instances": [
        {
          "schema_version": 1,
          "attributes": {
            "allow_stopping_for_update": true,
            "boot_disk": [
              {
                "auto_delete": true,
                "device_name": "epda233sp2mvrhdogir7",
                "disk_id": "epda233sp2mvrhdogir7",
                "initialize_params": [
                  {
                    "block_size": 4096,
                    "description": "",
                    "image_id": "fd8emvfmfoaordspe1jr",
                    "name": "node02",
                    "size": 10,
                    "snapshot_id": "",
                    "type": "network-hdd"
                  }
                ],
                "mode": "READ_WRITE"
              }
            ],
            "created_at": "2023-03-09T18:30:50Z",
            "description": "",
            "folder_id": "b1gmf5u5ph00n7lddsgb",
            "fqdn": "node02.ru-central1.internal",
            "hostname": "node02",
            "id": "epdor0bl734m06rka0vf",
            "labels": null,
            "metadata": {
              "ssh-keys": "ubuntu:ssh-rsa AAAAB3NzaC1yc2EAAAADAQABAAABgQDbSmF+9PSTaBpK4OKOc9s2mhHVGQollgSXVDdblmsx8t6r4LGOkE35Lb/Mh0/x7IDrlXmg33Tey3PLReAf1YN5psPbkBXPZKzpcpSg6991xszEa2CoLrnkDJovefZOjRhgELj7U2PWgrFBS73eRAdxSXyFgVM6OKVOv9bdPpTs49ZPHAxiraVl5g2/3QYS9Gt3/8TetbL8HJQwK9YtXZsSyUlut05vqB3J9F4lQFOVn/nK/ei1VHAwBmX3SWsuRf12mjPlV/hGUivMMO0pTHqnL18zhK2qsBifDFlPmyRTpZHD7Egeg7MadINB3PWpIwrlalBPblFeK7L13UuJGMhDndM4b3jZINPVAeE4w+cTOlTZw8AveCX2FcD56f6zJbRctTPTOwDgVEJtaeNPuM4vMneLWAic2yNGkBv//KK0qqH4JsOjYfZ1BKZSVdRJ6PuXyxMDUUSiaJeN0YtmAshxqyIcEMUVWPVr+CJClSKA79Baad/rcZU0AjYvkuS05vs= rod@archlinux\n"
            },
            "name": "node02",
            "network_acceleration_type": "standard",
            "network_interface": [
              {
                "dns_record": [],
                "index": 0,
                "ip_address": "10.0.2.18",
                "ipv4": true,
                "ipv6": false,
                "ipv6_address": "",
                "ipv6_dns_record": [],
                "mac_address": "d0:0d:18:d8:17:53",
                "nat": true,
                "nat_dns_record": [],
                "nat_ip_address": "158.160.28.132",
                "nat_ip_version": "IPV4",
                "security_group_ids": [],
                "subnet_id": "e2lenfkk3lifbgr9v2m9"
              }
            ],
            "placement_policy": [
              {
                "placement_group_id": ""
              }
            ],
            "platform_id": "standard-v1",
            "resources": [
              {
                "core_fraction": 100,
                "cores": 2,
                "gpus": 0,
                "memory": 4
              }
            ],
            "scheduling_policy": [
              {
                "preemptible": false
              }
            ],
            "secondary_disk": [],
            "service_account_id": "",
            "status": "running",
            "timeouts": null,
            "zone": "ru-central1-b"
          },
          "sensitive_attributes": [],
          "private": "eyJlMmJmYjczMC1lY2FhLTExZTYtOGY4OC0zNDM2M2JjN2M0YzAiOnsiY3JlYXRlIjozMDAwMDAwMDAwMDAsImRlbGV0ZSI6MzAwMDAwMDAwMDAwLCJ1cGRhdGUiOjMwMDAwMDAwMDAwMH0sInNjaGVtYV92ZXJzaW9uIjoiMSJ9",
          "dependencies": [
            "yandex_vpc_network.my_network",
            "yandex_vpc_subnet.my_subnet_b"
          ]
        }
      ]
    },
    {
      "mode": "managed",
      "type": "yandex_compute_instance",
      "name": "node03",
      "provider": "provider[\"terraform-registry.storage.yandexcloud.net/yandex-cloud/yandex\"]",
      "instances": [
        {
          "schema_version": 1,
          "attributes": {
            "allow_stopping_for_update": true,
            "boot_disk": [
              {
                "auto_delete": true,
                "device_name": "ef30ov84tslku6k536rp",
                "disk_id": "ef30ov84tslku6k536rp",
                "initialize_params": [
                  {
                    "block_size": 4096,
                    "description": "",
                    "image_id": "fd8emvfmfoaordspe1jr",
                    "name": "node03",
                    "size": 10,
                    "snapshot_id": "",
                    "type": "network-hdd"
                  }
                ],
                "mode": "READ_WRITE"
              }
            ],
            "created_at": "2023-03-09T18:30:50Z",
            "description": "",
            "folder_id": "b1gmf5u5ph00n7lddsgb",
            "fqdn": "node03.netology.yc",
            "hostname": "node03",
            "id": "ef352f3l1p2d41c9fmcl",
            "labels": null,
            "metadata": {
              "ssh-keys": "ubuntu:ssh-rsa AAAAB3NzaC1yc2EAAAADAQABAAABgQDbSmF+9PSTaBpK4OKOc9s2mhHVGQollgSXVDdblmsx8t6r4LGOkE35Lb/Mh0/x7IDrlXmg33Tey3PLReAf1YN5psPbkBXPZKzpcpSg6991xszEa2CoLrnkDJovefZOjRhgELj7U2PWgrFBS73eRAdxSXyFgVM6OKVOv9bdPpTs49ZPHAxiraVl5g2/3QYS9Gt3/8TetbL8HJQwK9YtXZsSyUlut05vqB3J9F4lQFOVn/nK/ei1VHAwBmX3SWsuRf12mjPlV/hGUivMMO0pTHqnL18zhK2qsBifDFlPmyRTpZHD7Egeg7MadINB3PWpIwrlalBPblFeK7L13UuJGMhDndM4b3jZINPVAeE4w+cTOlTZw8AveCX2FcD56f6zJbRctTPTOwDgVEJtaeNPuM4vMneLWAic2yNGkBv//KK0qqH4JsOjYfZ1BKZSVdRJ6PuXyxMDUUSiaJeN0YtmAshxqyIcEMUVWPVr+CJClSKA79Baad/rcZU0AjYvkuS05vs= rod@archlinux\n"
            },
            "name": "node03",
            "network_acceleration_type": "standard",
            "network_interface": [
              {
                "dns_record": [],
                "index": 0,
                "ip_address": "10.0.3.13",
                "ipv4": true,
                "ipv6": false,
                "ipv6_address": "",
                "ipv6_dns_record": [],
                "mac_address": "d0:0d:51:3c:75:0e",
                "nat": true,
                "nat_dns_record": [],
                "nat_ip_address": "84.201.148.96",
                "nat_ip_version": "IPV4",
                "security_group_ids": [],
                "subnet_id": "b0cd1jklaep5cciqeng4"
              }
            ],
            "placement_policy": [
              {
                "placement_group_id": ""
              }
            ],
            "platform_id": "standard-v1",
            "resources": [
              {
                "core_fraction": 100,
                "cores": 2,
                "gpus": 0,
                "memory": 4
              }
            ],
            "scheduling_policy": [
              {
                "preemptible": false
              }
            ],
            "secondary_disk": [],
            "service_account_id": "",
            "status": "running",
            "timeouts": null,
            "zone": "ru-central1-c"
          },
          "sensitive_attributes": [],
          "private": "eyJlMmJmYjczMC1lY2FhLTExZTYtOGY4OC0zNDM2M2JjN2M0YzAiOnsiY3JlYXRlIjozMDAwMDAwMDAwMDAsImRlbGV0ZSI6MzAwMDAwMDAwMDAwLCJ1cGRhdGUiOjMwMDAwMDAwMDAwMH0sInNjaGVtYV92ZXJzaW9uIjoiMSJ9",
          "dependencies": [
            "yandex_vpc_network.my_network",
            "yandex_vpc_subnet.my_subnet_c"
          ]
        }
      ]
    },
    {
      "mode": "managed",
      "type": "yandex_compute_instance",
      "name": "node04",
      "provider": "provider[\"terraform-registry.storage.yandexcloud.net/yandex-cloud/yandex\"]",
      "instances": [
        {
          "schema_version": 1,
          "attributes": {
            "allow_stopping_for_update": true,
            "boot_disk": [
              {
                "auto_delete": true,
                "device_name": "fhmtn20ag9du5hvidri2",
                "disk_id": "fhmtn20ag9du5hvidri2",
                "initialize_params": [
                  {
                    "block_size": 4096,
                    "description": "",
                    "image_id": "fd8emvfmfoaordspe1jr",
                    "name": "node04",
                    "size": 15,
                    "snapshot_id": "",
                    "type": "network-hdd"
                  }
                ],
                "mode": "READ_WRITE"
              }
            ],
            "created_at": "2023-03-09T18:30:49Z",
            "description": "",
            "folder_id": "b1gmf5u5ph00n7lddsgb",
            "fqdn": "node04.ru-central1.internal",
            "hostname": "node04",
            "id": "fhmvo0ft2mtak5nb06tp",
            "labels": null,
            "metadata": {
              "ssh-keys": "ubuntu:ssh-rsa AAAAB3NzaC1yc2EAAAADAQABAAABgQDbSmF+9PSTaBpK4OKOc9s2mhHVGQollgSXVDdblmsx8t6r4LGOkE35Lb/Mh0/x7IDrlXmg33Tey3PLReAf1YN5psPbkBXPZKzpcpSg6991xszEa2CoLrnkDJovefZOjRhgELj7U2PWgrFBS73eRAdxSXyFgVM6OKVOv9bdPpTs49ZPHAxiraVl5g2/3QYS9Gt3/8TetbL8HJQwK9YtXZsSyUlut05vqB3J9F4lQFOVn/nK/ei1VHAwBmX3SWsuRf12mjPlV/hGUivMMO0pTHqnL18zhK2qsBifDFlPmyRTpZHD7Egeg7MadINB3PWpIwrlalBPblFeK7L13UuJGMhDndM4b3jZINPVAeE4w+cTOlTZw8AveCX2FcD56f6zJbRctTPTOwDgVEJtaeNPuM4vMneLWAic2yNGkBv//KK0qqH4JsOjYfZ1BKZSVdRJ6PuXyxMDUUSiaJeN0YtmAshxqyIcEMUVWPVr+CJClSKA79Baad/rcZU0AjYvkuS05vs= rod@archlinux\n"
            },
            "name": "node04",
            "network_acceleration_type": "standard",
            "network_interface": [
              {
                "dns_record": [],
                "index": 0,
                "ip_address": "10.0.1.16",
                "ipv4": true,
                "ipv6": false,
                "ipv6_address": "",
                "ipv6_dns_record": [],
                "mac_address": "d0:0d:1f:c0:1f:d1",
                "nat": true,
                "nat_dns_record": [],
                "nat_ip_address": "158.160.63.178",
                "nat_ip_version": "IPV4",
                "security_group_ids": [],
                "subnet_id": "e9b28bl1olu2qa9d2amb"
              }
            ],
            "placement_policy": [
              {
                "placement_group_id": ""
              }
            ],
            "platform_id": "standard-v1",
            "resources": [
              {
                "core_fraction": 100,
                "cores": 2,
                "gpus": 0,
                "memory": 4
              }
            ],
            "scheduling_policy": [
              {
                "preemptible": false
              }
            ],
            "secondary_disk": [],
            "service_account_id": "",
            "status": "running",
            "timeouts": null,
            "zone": "ru-central1-a"
          },
          "sensitive_attributes": [],
          "private": "eyJlMmJmYjczMC1lY2FhLTExZTYtOGY4OC0zNDM2M2JjN2M0YzAiOnsiY3JlYXRlIjozMDAwMDAwMDAwMDAsImRlbGV0ZSI6MzAwMDAwMDAwMDAwLCJ1cGRhdGUiOjMwMDAwMDAwMDAwMH0sInNjaGVtYV92ZXJzaW9uIjoiMSJ9",
          "dependencies": [
            "yandex_vpc_network.my_network",
            "yandex_vpc_subnet.my_subnet_a"
          ]
        }
      ]
    },
    {
      "mode": "managed",
      "type": "yandex_compute_instance",
      "name": "node05",
      "provider": "provider[\"terraform-registry.storage.yandexcloud.net/yandex-cloud/yandex\"]",
      "instances": [
        {
          "schema_version": 1,
          "attributes": {
            "allow_stopping_for_update": true,
            "boot_disk": [
              {
                "auto_delete": true,
                "device_name": "epdqtac7965t1e6nldds",
                "disk_id": "epdqtac7965t1e6nldds",
                "initialize_params": [
                  {
                    "block_size": 4096,
                    "description": "",
                    "image_id": "fd8emvfmfoaordspe1jr",
                    "name": "node05",
                    "size": 15,
                    "snapshot_id": "",
                    "type": "network-hdd"
                  }
                ],
                "mode": "READ_WRITE"
              }
            ],
            "created_at": "2023-03-09T18:30:50Z",
            "description": "",
            "folder_id": "b1gmf5u5ph00n7lddsgb",
            "fqdn": "node05.ru-central1.internal",
            "hostname": "node05",
            "id": "epd8c3gf4a4ll7mk7ert",
            "labels": null,
            "metadata": {
              "ssh-keys": "ubuntu:ssh-rsa AAAAB3NzaC1yc2EAAAADAQABAAABgQDbSmF+9PSTaBpK4OKOc9s2mhHVGQollgSXVDdblmsx8t6r4LGOkE35Lb/Mh0/x7IDrlXmg33Tey3PLReAf1YN5psPbkBXPZKzpcpSg6991xszEa2CoLrnkDJovefZOjRhgELj7U2PWgrFBS73eRAdxSXyFgVM6OKVOv9bdPpTs49ZPHAxiraVl5g2/3QYS9Gt3/8TetbL8HJQwK9YtXZsSyUlut05vqB3J9F4lQFOVn/nK/ei1VHAwBmX3SWsuRf12mjPlV/hGUivMMO0pTHqnL18zhK2qsBifDFlPmyRTpZHD7Egeg7MadINB3PWpIwrlalBPblFeK7L13UuJGMhDndM4b3jZINPVAeE4w+cTOlTZw8AveCX2FcD56f6zJbRctTPTOwDgVEJtaeNPuM4vMneLWAic2yNGkBv//KK0qqH4JsOjYfZ1BKZSVdRJ6PuXyxMDUUSiaJeN0YtmAshxqyIcEMUVWPVr+CJClSKA79Baad/rcZU0AjYvkuS05vs= rod@archlinux\n"
            },
            "name": "node05",
            "network_acceleration_type": "standard",
            "network_interface": [
              {
                "dns_record": [],
                "index": 0,
                "ip_address": "10.0.2.7",
                "ipv4": true,
                "ipv6": false,
                "ipv6_address": "",
                "ipv6_dns_record": [],
                "mac_address": "d0:0d:86:0e:0f:22",
                "nat": true,
                "nat_dns_record": [],
                "nat_ip_address": "158.160.11.123",
                "nat_ip_version": "IPV4",
                "security_group_ids": [],
                "subnet_id": "e2lenfkk3lifbgr9v2m9"
              }
            ],
            "placement_policy": [
              {
                "placement_group_id": ""
              }
            ],
            "platform_id": "standard-v1",
            "resources": [
              {
                "core_fraction": 100,
                "cores": 2,
                "gpus": 0,
                "memory": 4
              }
            ],
            "scheduling_policy": [
              {
                "preemptible": false
              }
            ],
            "secondary_disk": [],
            "service_account_id": "",
            "status": "running",
            "timeouts": null,
            "zone": "ru-central1-b"
          },
          "sensitive_attributes": [],
          "private": "eyJlMmJmYjczMC1lY2FhLTExZTYtOGY4OC0zNDM2M2JjN2M0YzAiOnsiY3JlYXRlIjozMDAwMDAwMDAwMDAsImRlbGV0ZSI6MzAwMDAwMDAwMDAwLCJ1cGRhdGUiOjMwMDAwMDAwMDAwMH0sInNjaGVtYV92ZXJzaW9uIjoiMSJ9",
          "dependencies": [
            "yandex_vpc_network.my_network",
            "yandex_vpc_subnet.my_subnet_b"
          ]
        }
      ]
    },
    {
      "mode": "managed",
      "type": "yandex_compute_instance",
      "name": "node06",
      "provider": "provider[\"terraform-registry.storage.yandexcloud.net/yandex-cloud/yandex\"]",
      "instances": [
        {
          "schema_version": 1,
          "attributes": {
            "allow_stopping_for_update": true,
            "boot_disk": [
              {
                "auto_delete": true,
                "device_name": "ef34bhpenr74s7vhttgj",
                "disk_id": "ef34bhpenr74s7vhttgj",
                "initialize_params": [
                  {
                    "block_size": 4096,
                    "description": "",
                    "image_id": "fd8emvfmfoaordspe1jr",
                    "name": "node06",
                    "size": 15,
                    "snapshot_id": "",
                    "type": "network-hdd"
                  }
                ],
                "mode": "READ_WRITE"
              }
            ],
            "created_at": "2023-03-09T18:30:49Z",
            "description": "",
            "folder_id": "b1gmf5u5ph00n7lddsgb",
            "fqdn": "node06.ru-central1.internal",
            "hostname": "node06",
            "id": "ef3ukh20e4q62ip2ahuq",
            "labels": null,
            "metadata": {
              "ssh-keys": "ubuntu:ssh-rsa AAAAB3NzaC1yc2EAAAADAQABAAABgQDbSmF+9PSTaBpK4OKOc9s2mhHVGQollgSXVDdblmsx8t6r4LGOkE35Lb/Mh0/x7IDrlXmg33Tey3PLReAf1YN5psPbkBXPZKzpcpSg6991xszEa2CoLrnkDJovefZOjRhgELj7U2PWgrFBS73eRAdxSXyFgVM6OKVOv9bdPpTs49ZPHAxiraVl5g2/3QYS9Gt3/8TetbL8HJQwK9YtXZsSyUlut05vqB3J9F4lQFOVn/nK/ei1VHAwBmX3SWsuRf12mjPlV/hGUivMMO0pTHqnL18zhK2qsBifDFlPmyRTpZHD7Egeg7MadINB3PWpIwrlalBPblFeK7L13UuJGMhDndM4b3jZINPVAeE4w+cTOlTZw8AveCX2FcD56f6zJbRctTPTOwDgVEJtaeNPuM4vMneLWAic2yNGkBv//KK0qqH4JsOjYfZ1BKZSVdRJ6PuXyxMDUUSiaJeN0YtmAshxqyIcEMUVWPVr+CJClSKA79Baad/rcZU0AjYvkuS05vs= rod@archlinux\n"
            },
            "name": "node06",
            "network_acceleration_type": "standard",
            "network_interface": [
              {
                "dns_record": [],
                "index": 0,
                "ip_address": "10.0.3.5",
                "ipv4": true,
                "ipv6": false,
                "ipv6_address": "",
                "ipv6_dns_record": [],
                "mac_address": "d0:0d:1e:a4:44:07",
                "nat": true,
                "nat_dns_record": [],
                "nat_ip_address": "84.201.149.95",
                "nat_ip_version": "IPV4",
                "security_group_ids": [],
                "subnet_id": "b0cd1jklaep5cciqeng4"
              }
            ],
            "placement_policy": [
              {
                "placement_group_id": ""
              }
            ],
            "platform_id": "standard-v1",
            "resources": [
              {
                "core_fraction": 100,
                "cores": 2,
                "gpus": 0,
                "memory": 4
              }
            ],
            "scheduling_policy": [
              {
                "preemptible": false
              }
            ],
            "secondary_disk": [],
            "service_account_id": "",
            "status": "running",
            "timeouts": null,
            "zone": "ru-central1-c"
          },
          "sensitive_attributes": [],
          "private": "eyJlMmJmYjczMC1lY2FhLTExZTYtOGY4OC0zNDM2M2JjN2M0YzAiOnsiY3JlYXRlIjozMDAwMDAwMDAwMDAsImRlbGV0ZSI6MzAwMDAwMDAwMDAwLCJ1cGRhdGUiOjMwMDAwMDAwMDAwMH0sInNjaGVtYV92ZXJzaW9uIjoiMSJ9",
          "dependencies": [
            "yandex_vpc_network.my_network",
            "yandex_vpc_subnet.my_subnet_c"
          ]
        }
      ]
    },
    {
      "mode": "managed",
      "type": "yandex_vpc_network",
      "name": "my_network",
      "provider": "provider[\"terraform-registry.storage.yandexcloud.net/yandex-cloud/yandex\"]",
      "instances": [
        {
          "schema_version": 0,
          "attributes": {
            "created_at": "2023-03-09T18:30:45Z",
            "default_security_group_id": "",
            "description": "",
            "folder_id": "b1gmf5u5ph00n7lddsgb",
            "id": "enp7bvaccoectnb17i2p",
            "labels": {},
            "name": "my_network",
            "subnet_ids": [],
            "timeouts": null
          },
          "sensitive_attributes": [],
          "private": "eyJlMmJmYjczMC1lY2FhLTExZTYtOGY4OC0zNDM2M2JjN2M0YzAiOnsiY3JlYXRlIjo2MDAwMDAwMDAwMCwiZGVsZXRlIjo2MDAwMDAwMDAwMCwidXBkYXRlIjo2MDAwMDAwMDAwMH19"
        }
      ]
    },
    {
      "mode": "managed",
      "type": "yandex_vpc_subnet",
      "name": "my_subnet_a",
      "provider": "provider[\"terraform-registry.storage.yandexcloud.net/yandex-cloud/yandex\"]",
      "instances": [
        {
          "schema_version": 0,
          "attributes": {
            "created_at": "2023-03-09T18:30:48Z",
            "description": "",
            "dhcp_options": [],
            "folder_id": "b1gmf5u5ph00n7lddsgb",
            "id": "e9b28bl1olu2qa9d2amb",
            "labels": {},
            "name": "",
            "network_id": "enp7bvaccoectnb17i2p",
            "route_table_id": "",
            "timeouts": null,
            "v4_cidr_blocks": [
              "10.0.1.0/24"
            ],
            "v6_cidr_blocks": [],
            "zone": "ru-central1-a"
          },
          "sensitive_attributes": [],
          "private": "eyJlMmJmYjczMC1lY2FhLTExZTYtOGY4OC0zNDM2M2JjN2M0YzAiOnsiY3JlYXRlIjoxODAwMDAwMDAwMDAsImRlbGV0ZSI6MTgwMDAwMDAwMDAwLCJ1cGRhdGUiOjE4MDAwMDAwMDAwMH19",
          "dependencies": [
            "yandex_vpc_network.my_network"
          ]
        }
      ]
    },
    {
      "mode": "managed",
      "type": "yandex_vpc_subnet",
      "name": "my_subnet_b",
      "provider": "provider[\"terraform-registry.storage.yandexcloud.net/yandex-cloud/yandex\"]",
      "instances": [
        {
          "schema_version": 0,
          "attributes": {
            "created_at": "2023-03-09T18:30:48Z",
            "description": "",
            "dhcp_options": [],
            "folder_id": "b1gmf5u5ph00n7lddsgb",
            "id": "e2lenfkk3lifbgr9v2m9",
            "labels": {},
            "name": "",
            "network_id": "enp7bvaccoectnb17i2p",
            "route_table_id": "",
            "timeouts": null,
            "v4_cidr_blocks": [
              "10.0.2.0/24"
            ],
            "v6_cidr_blocks": [],
            "zone": "ru-central1-b"
          },
          "sensitive_attributes": [],
          "private": "eyJlMmJmYjczMC1lY2FhLTExZTYtOGY4OC0zNDM2M2JjN2M0YzAiOnsiY3JlYXRlIjoxODAwMDAwMDAwMDAsImRlbGV0ZSI6MTgwMDAwMDAwMDAwLCJ1cGRhdGUiOjE4MDAwMDAwMDAwMH19",
          "dependencies": [
            "yandex_vpc_network.my_network"
          ]
        }
      ]
    },
    {
      "mode": "managed",
      "type": "yandex_vpc_subnet",
      "name": "my_subnet_c",
      "provider": "provider[\"terraform-registry.storage.yandexcloud.net/yandex-cloud/yandex\"]",
      "instances": [
        {
          "schema_version": 0,
          "attributes": {
            "created_at": "2023-03-09T18:30:47Z",
            "description": "",
            "dhcp_options": [],
            "folder_id": "b1gmf5u5ph00n7lddsgb",
            "id": "b0cd1jklaep5cciqeng4",
            "labels": {},
            "name": "",
            "network_id": "enp7bvaccoectnb17i2p",
            "route_table_id": "",
            "timeouts": null,
            "v4_cidr_blocks": [
              "10.0.3.0/24"
            ],
            "v6_cidr_blocks": [],
            "zone": "ru-central1-c"
          },
          "sensitive_attributes": [],
          "private": "eyJlMmJmYjczMC1lY2FhLTExZTYtOGY4OC0zNDM2M2JjN2M0YzAiOnsiY3JlYXRlIjoxODAwMDAwMDAwMDAsImRlbGV0ZSI6MTgwMDAwMDAwMDAwLCJ1cGRhdGUiOjE4MDAwMDAwMDAwMH19",
          "dependencies": [
            "yandex_vpc_network.my_network"
          ]
        }
      ]
    }
  ],
  "check_results": null
}
